// !$*UTF8*$!
{
	archiveVersion = 1;
	classes = {
	};
	objectVersion = 48;
	objects = {

/* Begin PBXBuildFile section */
		4C469F6C20EC60F000094EA4 /* ICLHelpers.h in Headers */ = {isa = PBXBuildFile; fileRef = 4C469F4220EC60F000094EA4 /* ICLHelpers.h */; settings = {ATTRIBUTES = (Public, ); }; };
		4C469F6D20EC60F000094EA4 /* ICLPayloadInternal.h in Headers */ = {isa = PBXBuildFile; fileRef = 4C469F4420EC60F000094EA4 /* ICLPayloadInternal.h */; };
		4C469F6E20EC60F100094EA4 /* ICLInlineContentModuleInternal.h in Headers */ = {isa = PBXBuildFile; fileRef = 4C469F4520EC60F000094EA4 /* ICLInlineContentModuleInternal.h */; };
		4C469F6F20EC60F100094EA4 /* ICLMediaAssessmentInternal.h in Headers */ = {isa = PBXBuildFile; fileRef = 4C469F4620EC60F000094EA4 /* ICLMediaAssessmentInternal.h */; };
		4C469F7020EC60F100094EA4 /* ICLMediaType.h in Headers */ = {isa = PBXBuildFile; fileRef = 4C469F4720EC60F000094EA4 /* ICLMediaType.h */; settings = {ATTRIBUTES = (Public, ); }; };
		4C469F7120EC60F100094EA4 /* ICLMediaAssessment.h in Headers */ = {isa = PBXBuildFile; fileRef = 4C469F4820EC60F000094EA4 /* ICLMediaAssessment.h */; settings = {ATTRIBUTES = (Public, ); }; };
		4C469F7220EC60F100094EA4 /* ICLPayload.h in Headers */ = {isa = PBXBuildFile; fileRef = 4C469F4920EC60F000094EA4 /* ICLPayload.h */; settings = {ATTRIBUTES = (Public, ); }; };
		4C469F7320EC60F100094EA4 /* ICLPluginProtocol.h in Headers */ = {isa = PBXBuildFile; fileRef = 4C469F4A20EC60F000094EA4 /* ICLPluginProtocol.h */; settings = {ATTRIBUTES = (Public, ); }; };
		4C469F7420EC60F100094EA4 /* ICLProcessDelegatePrivate.h in Headers */ = {isa = PBXBuildFile; fileRef = 4C469F4C20EC60F000094EA4 /* ICLProcessDelegatePrivate.h */; };
		4C469F7520EC60F100094EA4 /* ICLPayloadPrivate.h in Headers */ = {isa = PBXBuildFile; fileRef = 4C469F4D20EC60F000094EA4 /* ICLPayloadPrivate.h */; };
		4C469F7620EC60F100094EA4 /* ICLProcessMainPrivate.h in Headers */ = {isa = PBXBuildFile; fileRef = 4C469F4E20EC60F000094EA4 /* ICLProcessMainPrivate.h */; };
		4C469F7720EC60F100094EA4 /* ICLProcessPCHPrivate.h in Headers */ = {isa = PBXBuildFile; fileRef = 4C469F4F20EC60F000094EA4 /* ICLProcessPCHPrivate.h */; };
		4C469F7820EC60F100094EA4 /* ICLInlineContentProtocol.h in Headers */ = {isa = PBXBuildFile; fileRef = 4C469F5020EC60F000094EA4 /* ICLInlineContentProtocol.h */; };
		4C469F7920EC60F100094EA4 /* ICLPluginManagerPrivate.h in Headers */ = {isa = PBXBuildFile; fileRef = 4C469F5120EC60F000094EA4 /* ICLPluginManagerPrivate.h */; };
		4C469F7A20EC60F100094EA4 /* ICLInlineContentModulePrivate.h in Headers */ = {isa = PBXBuildFile; fileRef = 4C469F5220EC60F000094EA4 /* ICLInlineContentModulePrivate.h */; };
		4C469F7B20EC60F100094EA4 /* CoreModulesImportsPrivate.h in Headers */ = {isa = PBXBuildFile; fileRef = 4C469F5320EC60F000094EA4 /* CoreModulesImportsPrivate.h */; };
		4C469F7C20EC60F100094EA4 /* ICLMediaAssessor.h in Headers */ = {isa = PBXBuildFile; fileRef = 4C469F5420EC60F000094EA4 /* ICLMediaAssessor.h */; settings = {ATTRIBUTES = (Public, ); }; };
		4C469F7D20EC60F100094EA4 /* ICLInlineContentModule.h in Headers */ = {isa = PBXBuildFile; fileRef = 4C469F5520EC60F000094EA4 /* ICLInlineContentModule.h */; settings = {ATTRIBUTES = (Public, ); }; };
		4C469F7E20EC60F100094EA4 /* ICLInlineContentModule.m in Sources */ = {isa = PBXBuildFile; fileRef = 4C469F5720EC60F000094EA4 /* ICLInlineContentModule.m */; };
		4C469F7F20EC60F100094EA4 /* ICLMediaAssessor.m in Sources */ = {isa = PBXBuildFile; fileRef = 4C469F5820EC60F000094EA4 /* ICLMediaAssessor.m */; };
		4C469F8020EC60F100094EA4 /* ICLPayloadLocal.m in Sources */ = {isa = PBXBuildFile; fileRef = 4C469F5920EC60F000094EA4 /* ICLPayloadLocal.m */; };
		4C469F8120EC60F100094EA4 /* ICLProcessMain.m in Sources */ = {isa = PBXBuildFile; fileRef = 4C469F5A20EC60F000094EA4 /* ICLProcessMain.m */; };
		4C469F8220EC60F100094EA4 /* ICLProcessDelegate.m in Sources */ = {isa = PBXBuildFile; fileRef = 4C469F5B20EC60F000094EA4 /* ICLProcessDelegate.m */; };
		4C469F8320EC60F100094EA4 /* main.m in Sources */ = {isa = PBXBuildFile; fileRef = 4C469F5C20EC60F000094EA4 /* main.m */; };
		4C469F8420EC60F100094EA4 /* ICLHelpers.m in Sources */ = {isa = PBXBuildFile; fileRef = 4C469F5D20EC60F000094EA4 /* ICLHelpers.m */; };
		4C469F8520EC60F100094EA4 /* ICLPayloadShared.m in Sources */ = {isa = PBXBuildFile; fileRef = 4C469F5E20EC60F000094EA4 /* ICLPayloadShared.m */; };
		4C469F8620EC60F100094EA4 /* ICLPluginManager.m in Sources */ = {isa = PBXBuildFile; fileRef = 4C469F5F20EC60F000094EA4 /* ICLPluginManager.m */; };
		4C469F8720EC60F100094EA4 /* ICLMediaAssessment.m in Sources */ = {isa = PBXBuildFile; fileRef = 4C469F6020EC60F000094EA4 /* ICLMediaAssessment.m */; };
		4C469F8820EC60F100094EA4 /* ICMAssessedMedia.h in Headers */ = {isa = PBXBuildFile; fileRef = 4C469F6320EC60F000094EA4 /* ICMAssessedMedia.h */; settings = {ATTRIBUTES = (Public, ); }; };
		4C469F8920EC60F100094EA4 /* ICMAssessedMedia.m in Sources */ = {isa = PBXBuildFile; fileRef = 4C469F6420EC60F000094EA4 /* ICMAssessedMedia.m */; };
		4C469F8A20EC60F100094EA4 /* ICMInlineVideo.h in Headers */ = {isa = PBXBuildFile; fileRef = 4C469F6620EC60F000094EA4 /* ICMInlineVideo.h */; settings = {ATTRIBUTES = (Public, ); }; };
		4C469F8B20EC60F100094EA4 /* ICMInlineHTML.h in Headers */ = {isa = PBXBuildFile; fileRef = 4C469F6720EC60F000094EA4 /* ICMInlineHTML.h */; settings = {ATTRIBUTES = (Public, ); }; };
		4C469F8C20EC60F100094EA4 /* ICMInlineImage.h in Headers */ = {isa = PBXBuildFile; fileRef = 4C469F6820EC60F000094EA4 /* ICMInlineImage.h */; settings = {ATTRIBUTES = (Public, ); }; };
		4C469F8D20EC60F100094EA4 /* ICMInlineVideo.m in Sources */ = {isa = PBXBuildFile; fileRef = 4C469F6920EC60F000094EA4 /* ICMInlineVideo.m */; };
		4C469F8E20EC60F100094EA4 /* ICMInlineImage.m in Sources */ = {isa = PBXBuildFile; fileRef = 4C469F6A20EC60F000094EA4 /* ICMInlineImage.m */; };
		4C469F8F20EC60F100094EA4 /* ICMInlineHTML.m in Sources */ = {isa = PBXBuildFile; fileRef = 4C469F6B20EC60F000094EA4 /* ICMInlineHTML.m */; };
		4C469FC220EC610000094EA4 /* TPCPreferences.m in Sources */ = {isa = PBXBuildFile; fileRef = 4C469F9220EC610000094EA4 /* TPCPreferences.m */; };
		4C469FC320EC610000094EA4 /* TPCPreferencesUserDefaults.m in Sources */ = {isa = PBXBuildFile; fileRef = 4C469F9320EC610000094EA4 /* TPCPreferencesUserDefaults.m */; };
		4C469FCF20EC610000094EA4 /* TPCPreferencesUserDefaults.h in Headers */ = {isa = PBXBuildFile; fileRef = 4C469FA520EC610000094EA4 /* TPCPreferencesUserDefaults.h */; };
		4C469FD520EC610000094EA4 /* TPCPreferences.h in Headers */ = {isa = PBXBuildFile; fileRef = 4C469FAC20EC610000094EA4 /* TPCPreferences.h */; };
		4C469FF820EC61C900094EA4 /* InlineImageLiveResize.js in Resources */ = {isa = PBXBuildFile; fileRef = 4C469FEC20EC61C900094EA4 /* InlineImageLiveResize.js */; };
		4C46A01220EC666400094EA4 /* ICMInlineImage.css in Copy Bundle Resources */ = {isa = PBXBuildFile; fileRef = 4C469FE420EC61C900094EA4 /* ICMInlineImage.css */; };
		4C46A01320EC666400094EA4 /* ICMInlineImage.js in Copy Bundle Resources */ = {isa = PBXBuildFile; fileRef = 4C469FE520EC61C900094EA4 /* ICMInlineImage.js */; };
		4C46A01420EC666400094EA4 /* ICMInlineVideo.js in Copy Bundle Resources */ = {isa = PBXBuildFile; fileRef = 4C469FE620EC61C900094EA4 /* ICMInlineVideo.js */; };
		4C46A01520EC666400094EA4 /* ICMInlineHTML.mustache in Copy Bundle Resources */ = {isa = PBXBuildFile; fileRef = 4C469FE720EC61C900094EA4 /* ICMInlineHTML.mustache */; };
		4C46A01620EC666400094EA4 /* ICMInlineHTML.css in Copy Bundle Resources */ = {isa = PBXBuildFile; fileRef = 4C469FE820EC61C900094EA4 /* ICMInlineHTML.css */; };
		4C46A01720EC666400094EA4 /* ICMInlineVideo.css in Copy Bundle Resources */ = {isa = PBXBuildFile; fileRef = 4C469FE920EC61C900094EA4 /* ICMInlineVideo.css */; };
		4C46A01820EC666400094EA4 /* ICMInlineImage.mustache in Copy Bundle Resources */ = {isa = PBXBuildFile; fileRef = 4C469FEA20EC61C900094EA4 /* ICMInlineImage.mustache */; };
		4C46A01920EC666400094EA4 /* ICMInlineHTML.js in Copy Bundle Resources */ = {isa = PBXBuildFile; fileRef = 4C469FEB20EC61C900094EA4 /* ICMInlineHTML.js */; };
		4C46A01A20EC666400094EA4 /* InlineImageLiveResize.js in Copy Bundle Resources */ = {isa = PBXBuildFile; fileRef = 4C469FEC20EC61C900094EA4 /* InlineImageLiveResize.js */; };
		4C46A01B20EC666400094EA4 /* ICMInlineVideo.mustache in Copy Bundle Resources */ = {isa = PBXBuildFile; fileRef = 4C469FED20EC61C900094EA4 /* ICMInlineVideo.mustache */; };
		4C8C84391F8E5AEC00062FFD /* ImageIO.framework in Frameworks */ = {isa = PBXBuildFile; fileRef = 4C8C84381F8E5AE400062FFD /* ImageIO.framework */; };
		4C9A933A1FA65970003C3DB5 /* Core Media.mediaPlugin in Copy Extensions */ = {isa = PBXBuildFile; fileRef = 4C9A93391FA65970003C3DB5 /* Core Media.mediaPlugin */; };
		4CE1448020EC01AD000E01C9 /* CocoaExtensions.framework in Frameworks */ = {isa = PBXBuildFile; fileRef = 4CE1447F20EC01AD000E01C9 /* CocoaExtensions.framework */; };
		4CE58BAA1F8A5FB800493E7C /* GRMustache.framework in Frameworks */ = {isa = PBXBuildFile; fileRef = 4CE58BA91F8A5F8500493E7C /* GRMustache.framework */; };
/* End PBXBuildFile section */

/* Begin PBXCopyFilesBuildPhase section */
		4C03B6781FA656CE00748FE7 /* Copy Extensions */ = {
			isa = PBXCopyFilesBuildPhase;
			buildActionMask = 2147483647;
			dstPath = Extensions;
			dstSubfolderSpec = 7;
			files = (
				4C9A933A1FA65970003C3DB5 /* Core Media.mediaPlugin in Copy Extensions */,
			);
			name = "Copy Extensions";
			runOnlyForDeploymentPostprocessing = 0;
		};
		4C8C842B1F8E347500062FFD /* Copy Bundle Resources */ = {
			isa = PBXCopyFilesBuildPhase;
			buildActionMask = 2147483647;
			dstPath = Components;
			dstSubfolderSpec = 7;
			files = (
				4C46A01220EC666400094EA4 /* ICMInlineImage.css in Copy Bundle Resources */,
				4C46A01320EC666400094EA4 /* ICMInlineImage.js in Copy Bundle Resources */,
				4C46A01420EC666400094EA4 /* ICMInlineVideo.js in Copy Bundle Resources */,
				4C46A01520EC666400094EA4 /* ICMInlineHTML.mustache in Copy Bundle Resources */,
				4C46A01620EC666400094EA4 /* ICMInlineHTML.css in Copy Bundle Resources */,
				4C46A01720EC666400094EA4 /* ICMInlineVideo.css in Copy Bundle Resources */,
				4C46A01820EC666400094EA4 /* ICMInlineImage.mustache in Copy Bundle Resources */,
				4C46A01920EC666400094EA4 /* ICMInlineHTML.js in Copy Bundle Resources */,
				4C46A01A20EC666400094EA4 /* InlineImageLiveResize.js in Copy Bundle Resources */,
				4C46A01B20EC666400094EA4 /* ICMInlineVideo.mustache in Copy Bundle Resources */,
			);
			name = "Copy Bundle Resources";
			runOnlyForDeploymentPostprocessing = 0;
		};
/* End PBXCopyFilesBuildPhase section */

/* Begin PBXFileReference section */
		4C1406421F11942B00C73D53 /* InlineContentLoader.xpc */ = {isa = PBXFileReference; explicitFileType = "wrapper.xpc-service"; includeInIndex = 0; path = InlineContentLoader.xpc; sourceTree = BUILT_PRODUCTS_DIR; };
		4C1EAB161F89F2BF00A4E647 /* BuildConfig.h */ = {isa = PBXFileReference; lastKnownFileType = sourcecode.c.h; name = BuildConfig.h; path = ../../.tmp/BuildConfig.h; sourceTree = SOURCE_ROOT; };
		4C469F4220EC60F000094EA4 /* ICLHelpers.h */ = {isa = PBXFileReference; fileEncoding = 4; lastKnownFileType = sourcecode.c.h; path = ICLHelpers.h; sourceTree = "<group>"; };
		4C469F4420EC60F000094EA4 /* ICLPayloadInternal.h */ = {isa = PBXFileReference; fileEncoding = 4; lastKnownFileType = sourcecode.c.h; path = ICLPayloadInternal.h; sourceTree = "<group>"; };
		4C469F4520EC60F000094EA4 /* ICLInlineContentModuleInternal.h */ = {isa = PBXFileReference; fileEncoding = 4; lastKnownFileType = sourcecode.c.h; path = ICLInlineContentModuleInternal.h; sourceTree = "<group>"; };
		4C469F4620EC60F000094EA4 /* ICLMediaAssessmentInternal.h */ = {isa = PBXFileReference; fileEncoding = 4; lastKnownFileType = sourcecode.c.h; path = ICLMediaAssessmentInternal.h; sourceTree = "<group>"; };
		4C469F4720EC60F000094EA4 /* ICLMediaType.h */ = {isa = PBXFileReference; fileEncoding = 4; lastKnownFileType = sourcecode.c.h; path = ICLMediaType.h; sourceTree = "<group>"; };
		4C469F4820EC60F000094EA4 /* ICLMediaAssessment.h */ = {isa = PBXFileReference; fileEncoding = 4; lastKnownFileType = sourcecode.c.h; path = ICLMediaAssessment.h; sourceTree = "<group>"; };
		4C469F4920EC60F000094EA4 /* ICLPayload.h */ = {isa = PBXFileReference; fileEncoding = 4; lastKnownFileType = sourcecode.c.h; path = ICLPayload.h; sourceTree = "<group>"; };
		4C469F4A20EC60F000094EA4 /* ICLPluginProtocol.h */ = {isa = PBXFileReference; fileEncoding = 4; lastKnownFileType = sourcecode.c.h; path = ICLPluginProtocol.h; sourceTree = "<group>"; };
		4C469F4C20EC60F000094EA4 /* ICLProcessDelegatePrivate.h */ = {isa = PBXFileReference; fileEncoding = 4; lastKnownFileType = sourcecode.c.h; path = ICLProcessDelegatePrivate.h; sourceTree = "<group>"; };
		4C469F4D20EC60F000094EA4 /* ICLPayloadPrivate.h */ = {isa = PBXFileReference; fileEncoding = 4; lastKnownFileType = sourcecode.c.h; path = ICLPayloadPrivate.h; sourceTree = "<group>"; };
		4C469F4E20EC60F000094EA4 /* ICLProcessMainPrivate.h */ = {isa = PBXFileReference; fileEncoding = 4; lastKnownFileType = sourcecode.c.h; path = ICLProcessMainPrivate.h; sourceTree = "<group>"; };
		4C469F4F20EC60F000094EA4 /* ICLProcessPCHPrivate.h */ = {isa = PBXFileReference; fileEncoding = 4; lastKnownFileType = sourcecode.c.h; path = ICLProcessPCHPrivate.h; sourceTree = "<group>"; };
		4C469F5020EC60F000094EA4 /* ICLInlineContentProtocol.h */ = {isa = PBXFileReference; fileEncoding = 4; lastKnownFileType = sourcecode.c.h; path = ICLInlineContentProtocol.h; sourceTree = "<group>"; };
		4C469F5120EC60F000094EA4 /* ICLPluginManagerPrivate.h */ = {isa = PBXFileReference; fileEncoding = 4; lastKnownFileType = sourcecode.c.h; path = ICLPluginManagerPrivate.h; sourceTree = "<group>"; };
		4C469F5220EC60F000094EA4 /* ICLInlineContentModulePrivate.h */ = {isa = PBXFileReference; fileEncoding = 4; lastKnownFileType = sourcecode.c.h; path = ICLInlineContentModulePrivate.h; sourceTree = "<group>"; };
		4C469F5320EC60F000094EA4 /* CoreModulesImportsPrivate.h */ = {isa = PBXFileReference; fileEncoding = 4; lastKnownFileType = sourcecode.c.h; path = CoreModulesImportsPrivate.h; sourceTree = "<group>"; };
		4C469F5420EC60F000094EA4 /* ICLMediaAssessor.h */ = {isa = PBXFileReference; fileEncoding = 4; lastKnownFileType = sourcecode.c.h; path = ICLMediaAssessor.h; sourceTree = "<group>"; };
		4C469F5520EC60F000094EA4 /* ICLInlineContentModule.h */ = {isa = PBXFileReference; fileEncoding = 4; lastKnownFileType = sourcecode.c.h; path = ICLInlineContentModule.h; sourceTree = "<group>"; };
		4C469F5720EC60F000094EA4 /* ICLInlineContentModule.m */ = {isa = PBXFileReference; fileEncoding = 4; lastKnownFileType = sourcecode.c.objc; path = ICLInlineContentModule.m; sourceTree = "<group>"; };
		4C469F5820EC60F000094EA4 /* ICLMediaAssessor.m */ = {isa = PBXFileReference; fileEncoding = 4; lastKnownFileType = sourcecode.c.objc; path = ICLMediaAssessor.m; sourceTree = "<group>"; };
		4C469F5920EC60F000094EA4 /* ICLPayloadLocal.m */ = {isa = PBXFileReference; fileEncoding = 4; lastKnownFileType = sourcecode.c.objc; path = ICLPayloadLocal.m; sourceTree = "<group>"; };
		4C469F5A20EC60F000094EA4 /* ICLProcessMain.m */ = {isa = PBXFileReference; fileEncoding = 4; lastKnownFileType = sourcecode.c.objc; path = ICLProcessMain.m; sourceTree = "<group>"; };
		4C469F5B20EC60F000094EA4 /* ICLProcessDelegate.m */ = {isa = PBXFileReference; fileEncoding = 4; lastKnownFileType = sourcecode.c.objc; path = ICLProcessDelegate.m; sourceTree = "<group>"; };
		4C469F5C20EC60F000094EA4 /* main.m */ = {isa = PBXFileReference; fileEncoding = 4; lastKnownFileType = sourcecode.c.objc; path = main.m; sourceTree = "<group>"; };
		4C469F5D20EC60F000094EA4 /* ICLHelpers.m */ = {isa = PBXFileReference; fileEncoding = 4; lastKnownFileType = sourcecode.c.objc; path = ICLHelpers.m; sourceTree = "<group>"; };
		4C469F5E20EC60F000094EA4 /* ICLPayloadShared.m */ = {isa = PBXFileReference; fileEncoding = 4; lastKnownFileType = sourcecode.c.objc; path = ICLPayloadShared.m; sourceTree = "<group>"; };
		4C469F5F20EC60F000094EA4 /* ICLPluginManager.m */ = {isa = PBXFileReference; fileEncoding = 4; lastKnownFileType = sourcecode.c.objc; path = ICLPluginManager.m; sourceTree = "<group>"; };
		4C469F6020EC60F000094EA4 /* ICLMediaAssessment.m */ = {isa = PBXFileReference; fileEncoding = 4; lastKnownFileType = sourcecode.c.objc; path = ICLMediaAssessment.m; sourceTree = "<group>"; };
		4C469F6320EC60F000094EA4 /* ICMAssessedMedia.h */ = {isa = PBXFileReference; fileEncoding = 4; lastKnownFileType = sourcecode.c.h; path = ICMAssessedMedia.h; sourceTree = "<group>"; };
		4C469F6420EC60F000094EA4 /* ICMAssessedMedia.m */ = {isa = PBXFileReference; fileEncoding = 4; lastKnownFileType = sourcecode.c.objc; path = ICMAssessedMedia.m; sourceTree = "<group>"; };
		4C469F6620EC60F000094EA4 /* ICMInlineVideo.h */ = {isa = PBXFileReference; fileEncoding = 4; lastKnownFileType = sourcecode.c.h; path = ICMInlineVideo.h; sourceTree = "<group>"; };
		4C469F6720EC60F000094EA4 /* ICMInlineHTML.h */ = {isa = PBXFileReference; fileEncoding = 4; lastKnownFileType = sourcecode.c.h; path = ICMInlineHTML.h; sourceTree = "<group>"; };
		4C469F6820EC60F000094EA4 /* ICMInlineImage.h */ = {isa = PBXFileReference; fileEncoding = 4; lastKnownFileType = sourcecode.c.h; path = ICMInlineImage.h; sourceTree = "<group>"; };
		4C469F6920EC60F000094EA4 /* ICMInlineVideo.m */ = {isa = PBXFileReference; fileEncoding = 4; lastKnownFileType = sourcecode.c.objc; path = ICMInlineVideo.m; sourceTree = "<group>"; };
		4C469F6A20EC60F000094EA4 /* ICMInlineImage.m */ = {isa = PBXFileReference; fileEncoding = 4; lastKnownFileType = sourcecode.c.objc; path = ICMInlineImage.m; sourceTree = "<group>"; };
		4C469F6B20EC60F000094EA4 /* ICMInlineHTML.m */ = {isa = PBXFileReference; fileEncoding = 4; lastKnownFileType = sourcecode.c.objc; path = ICMInlineHTML.m; sourceTree = "<group>"; };
		4C469F9220EC610000094EA4 /* TPCPreferences.m */ = {isa = PBXFileReference; fileEncoding = 4; lastKnownFileType = sourcecode.c.objc; path = TPCPreferences.m; sourceTree = "<group>"; };
		4C469F9320EC610000094EA4 /* TPCPreferencesUserDefaults.m */ = {isa = PBXFileReference; fileEncoding = 4; lastKnownFileType = sourcecode.c.objc; path = TPCPreferencesUserDefaults.m; sourceTree = "<group>"; };
		4C469FA520EC610000094EA4 /* TPCPreferencesUserDefaults.h */ = {isa = PBXFileReference; fileEncoding = 4; lastKnownFileType = sourcecode.c.h; path = TPCPreferencesUserDefaults.h; sourceTree = "<group>"; };
		4C469FAC20EC610000094EA4 /* TPCPreferences.h */ = {isa = PBXFileReference; fileEncoding = 4; lastKnownFileType = sourcecode.c.h; path = TPCPreferences.h; sourceTree = "<group>"; };
		4C469FE420EC61C900094EA4 /* ICMInlineImage.css */ = {isa = PBXFileReference; fileEncoding = 4; lastKnownFileType = text.css; path = ICMInlineImage.css; sourceTree = "<group>"; };
		4C469FE520EC61C900094EA4 /* ICMInlineImage.js */ = {isa = PBXFileReference; fileEncoding = 4; lastKnownFileType = sourcecode.javascript; path = ICMInlineImage.js; sourceTree = "<group>"; };
		4C469FE620EC61C900094EA4 /* ICMInlineVideo.js */ = {isa = PBXFileReference; fileEncoding = 4; lastKnownFileType = sourcecode.javascript; path = ICMInlineVideo.js; sourceTree = "<group>"; };
		4C469FE720EC61C900094EA4 /* ICMInlineHTML.mustache */ = {isa = PBXFileReference; fileEncoding = 4; lastKnownFileType = text; path = ICMInlineHTML.mustache; sourceTree = "<group>"; };
		4C469FE820EC61C900094EA4 /* ICMInlineHTML.css */ = {isa = PBXFileReference; fileEncoding = 4; lastKnownFileType = text.css; path = ICMInlineHTML.css; sourceTree = "<group>"; };
		4C469FE920EC61C900094EA4 /* ICMInlineVideo.css */ = {isa = PBXFileReference; fileEncoding = 4; lastKnownFileType = text.css; path = ICMInlineVideo.css; sourceTree = "<group>"; };
		4C469FEA20EC61C900094EA4 /* ICMInlineImage.mustache */ = {isa = PBXFileReference; fileEncoding = 4; lastKnownFileType = text; path = ICMInlineImage.mustache; sourceTree = "<group>"; };
		4C469FEB20EC61C900094EA4 /* ICMInlineHTML.js */ = {isa = PBXFileReference; fileEncoding = 4; lastKnownFileType = sourcecode.javascript; path = ICMInlineHTML.js; sourceTree = "<group>"; };
		4C469FEC20EC61C900094EA4 /* InlineImageLiveResize.js */ = {isa = PBXFileReference; fileEncoding = 4; lastKnownFileType = sourcecode.javascript; path = InlineImageLiveResize.js; sourceTree = "<group>"; };
		4C469FED20EC61C900094EA4 /* ICMInlineVideo.mustache */ = {isa = PBXFileReference; fileEncoding = 4; lastKnownFileType = text; path = ICMInlineVideo.mustache; sourceTree = "<group>"; };
		4C469FEF20EC61C900094EA4 /* Info.plist */ = {isa = PBXFileReference; fileEncoding = 4; lastKnownFileType = text.plist.xml; path = Info.plist; sourceTree = "<group>"; };
		4C8C84381F8E5AE400062FFD /* ImageIO.framework */ = {isa = PBXFileReference; lastKnownFileType = wrapper.framework; name = ImageIO.framework; path = System/Library/Frameworks/ImageIO.framework; sourceTree = SDKROOT; };
		4C9A93391FA65970003C3DB5 /* Core Media.mediaPlugin */ = {isa = PBXFileReference; lastKnownFileType = folder; name = "Core Media.mediaPlugin"; path = "../../../.tmp/SharedBuildProducts-ICLExtension/Core Media.mediaPlugin"; sourceTree = "<group>"; };
		4CA1FE8D1FA6261A0095901F /* BuildExtensions.sh */ = {isa = PBXFileReference; lastKnownFileType = text.script.sh; path = BuildExtensions.sh; sourceTree = "<group>"; };
		4CE1447F20EC01AD000E01C9 /* CocoaExtensions.framework */ = {isa = PBXFileReference; lastKnownFileType = wrapper.framework; name = CocoaExtensions.framework; path = "../../.tmp/SharedBuildProducts-Frameworks/CocoaExtensions.framework"; sourceTree = SOURCE_ROOT; };
		4CE1448720EC02A3000E01C9 /* Textual.xcconfig */ = {isa = PBXFileReference; fileEncoding = 4; lastKnownFileType = text.xcconfig; path = Textual.xcconfig; sourceTree = "<group>"; };
		4CE1448920EC02A3000E01C9 /* XPC Service - ICL.xcconfig */ = {isa = PBXFileReference; fileEncoding = 4; lastKnownFileType = text.xcconfig; path = "XPC Service - ICL.xcconfig"; sourceTree = "<group>"; };
		4CE1448A20EC02A3000E01C9 /* XPC Services.xcconfig */ = {isa = PBXFileReference; fileEncoding = 4; lastKnownFileType = text.xcconfig; path = "XPC Services.xcconfig"; sourceTree = "<group>"; };
		4CE1448C20EC02A3000E01C9 /* Enabled Features.xcconfig */ = {isa = PBXFileReference; fileEncoding = 4; lastKnownFileType = text.xcconfig; path = "Enabled Features.xcconfig"; sourceTree = "<group>"; };
		4CE1449020EC02A3000E01C9 /* Textual.xcconfig */ = {isa = PBXFileReference; fileEncoding = 4; lastKnownFileType = text.xcconfig; path = Textual.xcconfig; sourceTree = "<group>"; };
		4CE1449220EC02A3000E01C9 /* XPC Service - ICL.xcconfig */ = {isa = PBXFileReference; fileEncoding = 4; lastKnownFileType = text.xcconfig; path = "XPC Service - ICL.xcconfig"; sourceTree = "<group>"; };
		4CE1449320EC02A3000E01C9 /* XPC Services.xcconfig */ = {isa = PBXFileReference; fileEncoding = 4; lastKnownFileType = text.xcconfig; path = "XPC Services.xcconfig"; sourceTree = "<group>"; };
		4CE1449520EC02A3000E01C9 /* Enabled Features.xcconfig */ = {isa = PBXFileReference; fileEncoding = 4; lastKnownFileType = text.xcconfig; path = "Enabled Features.xcconfig"; sourceTree = "<group>"; };
		4CE1449A20EC02A3000E01C9 /* Textual.xcconfig */ = {isa = PBXFileReference; fileEncoding = 4; lastKnownFileType = text.xcconfig; path = Textual.xcconfig; sourceTree = "<group>"; };
		4CE1449B20EC02A3000E01C9 /* Preserve Symbols.xcconfig */ = {isa = PBXFileReference; fileEncoding = 4; lastKnownFileType = text.xcconfig; path = "Preserve Symbols.xcconfig"; sourceTree = "<group>"; };
		4CE1449D20EC02A3000E01C9 /* XPC Service - ICL.xcconfig */ = {isa = PBXFileReference; fileEncoding = 4; lastKnownFileType = text.xcconfig; path = "XPC Service - ICL.xcconfig"; sourceTree = "<group>"; };
		4CE1449E20EC02A3000E01C9 /* Foundation.xcconfig */ = {isa = PBXFileReference; fileEncoding = 4; lastKnownFileType = text.xcconfig; path = Foundation.xcconfig; sourceTree = "<group>"; };
		4CE1449F20EC02A3000E01C9 /* XPC Services.xcconfig */ = {isa = PBXFileReference; fileEncoding = 4; lastKnownFileType = text.xcconfig; path = "XPC Services.xcconfig"; sourceTree = "<group>"; };
		4CE144A120EC02A3000E01C9 /* Foundation Debug.xcconfig */ = {isa = PBXFileReference; fileEncoding = 4; lastKnownFileType = text.xcconfig; path = "Foundation Debug.xcconfig"; sourceTree = "<group>"; };
		4CE144A620EC02A3000E01C9 /* Textual.xcconfig */ = {isa = PBXFileReference; fileEncoding = 4; lastKnownFileType = text.xcconfig; path = Textual.xcconfig; sourceTree = "<group>"; };
		4CE144A820EC02A3000E01C9 /* XPC Service - ICL.xcconfig */ = {isa = PBXFileReference; fileEncoding = 4; lastKnownFileType = text.xcconfig; path = "XPC Service - ICL.xcconfig"; sourceTree = "<group>"; };
		4CE144A920EC02A3000E01C9 /* XPC Services.xcconfig */ = {isa = PBXFileReference; fileEncoding = 4; lastKnownFileType = text.xcconfig; path = "XPC Services.xcconfig"; sourceTree = "<group>"; };
		4CE144AB20EC02A3000E01C9 /* Enabled Features.xcconfig */ = {isa = PBXFileReference; fileEncoding = 4; lastKnownFileType = text.xcconfig; path = "Enabled Features.xcconfig"; sourceTree = "<group>"; };
		4CE144AF20EC02A3000E01C9 /* Textual.xcconfig */ = {isa = PBXFileReference; fileEncoding = 4; lastKnownFileType = text.xcconfig; path = Textual.xcconfig; sourceTree = "<group>"; };
		4CE144B120EC02A3000E01C9 /* XPC Service - ICL.xcconfig */ = {isa = PBXFileReference; fileEncoding = 4; lastKnownFileType = text.xcconfig; path = "XPC Service - ICL.xcconfig"; sourceTree = "<group>"; };
		4CE144B220EC02A3000E01C9 /* XPC Services.xcconfig */ = {isa = PBXFileReference; fileEncoding = 4; lastKnownFileType = text.xcconfig; path = "XPC Services.xcconfig"; sourceTree = "<group>"; };
		4CE144B420EC02A3000E01C9 /* Enabled Features.xcconfig */ = {isa = PBXFileReference; fileEncoding = 4; lastKnownFileType = text.xcconfig; path = "Enabled Features.xcconfig"; sourceTree = "<group>"; };
		4CE144E320EC02BD000E01C9 /* App Store.entitlements */ = {isa = PBXFileReference; lastKnownFileType = text.plist.entitlements; path = "App Store.entitlements"; sourceTree = "<group>"; };
		4CE144E420EC02BD000E01C9 /* Release.entitlements */ = {isa = PBXFileReference; lastKnownFileType = text.plist.entitlements; path = Release.entitlements; sourceTree = "<group>"; };
		4CE144E520EC0381000E01C9 /* ICLInlineContentProtocol.h */ = {isa = PBXFileReference; fileEncoding = 4; lastKnownFileType = sourcecode.c.h; name = ICLInlineContentProtocol.h; path = Classes/Headers/Private/ICLInlineContentProtocol.h; sourceTree = SOURCE_ROOT; };
		4CE58BA91F8A5F8500493E7C /* GRMustache.framework */ = {isa = PBXFileReference; lastKnownFileType = wrapper.framework; name = GRMustache.framework; path = "../../Frameworks/Static Libraries/Libraries/GRMustache.framework"; sourceTree = SOURCE_ROOT; };
/* End PBXFileReference section */

/* Begin PBXFrameworksBuildPhase section */
		4C14063F1F11942B00C73D53 /* Frameworks */ = {
			isa = PBXFrameworksBuildPhase;
			buildActionMask = 2147483647;
			files = (
				4CE58BAA1F8A5FB800493E7C /* GRMustache.framework in Frameworks */,
				4C8C84391F8E5AEC00062FFD /* ImageIO.framework in Frameworks */,
				4CE1448020EC01AD000E01C9 /* CocoaExtensions.framework in Frameworks */,
			);
			runOnlyForDeploymentPostprocessing = 0;
		};
/* End PBXFrameworksBuildPhase section */

/* Begin PBXGroup section */
		4C1406391F11942B00C73D53 = {
			isa = PBXGroup;
			children = (
				4C469F4020EC60F000094EA4 /* Classes */,
				4C1406521F1194E900C73D53 /* Resources */,
				4C8C72D71F1208F200ED72DB /* Frameworks */,
				4C1406431F11942B00C73D53 /* Products */,
			);
			sourceTree = "<group>";
		};
		4C1406431F11942B00C73D53 /* Products */ = {
			isa = PBXGroup;
			children = (
				4C1406421F11942B00C73D53 /* InlineContentLoader.xpc */,
			);
			name = Products;
			sourceTree = "<group>";
		};
		4C1406521F1194E900C73D53 /* Resources */ = {
			isa = PBXGroup;
			children = (
				4C1406531F1194F100C73D53 /* Build Settings */,
				4C9A93381FA65960003C3DB5 /* Extensions */,
				4C469FE320EC61C900094EA4 /* Modules */,
				4C469FEE20EC61C900094EA4 /* Property Lists */,
			);
			path = Resources;
			sourceTree = "<group>";
		};
		4C1406531F1194F100C73D53 /* Build Settings */ = {
			isa = PBXGroup;
			children = (
				4CA1FE8E1FA6261D0095901F /* Build Scripts */,
				4C1406541F1194F900C73D53 /* Configurations */,
				4C1EAB161F89F2BF00A4E647 /* BuildConfig.h */,
			);
			name = "Build Settings";
			sourceTree = "<group>";
		};
		4C1406541F1194F900C73D53 /* Configurations */ = {
			isa = PBXGroup;
			children = (
				4CE1448320EC02A3000E01C9 /* Build */,
				4CE144B520EC02A3000E01C9 /* Sandbox */,
			);
			name = Configurations;
			path = ../../Configurations;
			sourceTree = SOURCE_ROOT;
		};
		4C469F4020EC60F000094EA4 /* Classes */ = {
			isa = PBXGroup;
			children = (
				4C469F4120EC60F000094EA4 /* Headers */,
				4C469F6120EC60F000094EA4 /* Modules */,
				4C469F5620EC60F000094EA4 /* Service */,
				4C469F9020EC610000094EA4 /* Shared */,
			);
			path = Classes;
			sourceTree = "<group>";
		};
		4C469F4120EC60F000094EA4 /* Headers */ = {
			isa = PBXGroup;
			children = (
				4C469F4320EC60F000094EA4 /* Internal */,
				4C469F4B20EC60F000094EA4 /* Private */,
				4C469F4220EC60F000094EA4 /* ICLHelpers.h */,
				4C469F5520EC60F000094EA4 /* ICLInlineContentModule.h */,
				4C469F4820EC60F000094EA4 /* ICLMediaAssessment.h */,
				4C469F5420EC60F000094EA4 /* ICLMediaAssessor.h */,
				4C469F4720EC60F000094EA4 /* ICLMediaType.h */,
				4C469F4920EC60F000094EA4 /* ICLPayload.h */,
				4C469F4A20EC60F000094EA4 /* ICLPluginProtocol.h */,
			);
			path = Headers;
			sourceTree = "<group>";
		};
		4C469F4320EC60F000094EA4 /* Internal */ = {
			isa = PBXGroup;
			children = (
				4C469F4420EC60F000094EA4 /* ICLPayloadInternal.h */,
				4C469F4520EC60F000094EA4 /* ICLInlineContentModuleInternal.h */,
				4C469F4620EC60F000094EA4 /* ICLMediaAssessmentInternal.h */,
			);
			path = Internal;
			sourceTree = "<group>";
		};
		4C469F4B20EC60F000094EA4 /* Private */ = {
			isa = PBXGroup;
			children = (
				4C469F4C20EC60F000094EA4 /* ICLProcessDelegatePrivate.h */,
				4C469F4D20EC60F000094EA4 /* ICLPayloadPrivate.h */,
				4C469F4E20EC60F000094EA4 /* ICLProcessMainPrivate.h */,
				4C469F4F20EC60F000094EA4 /* ICLProcessPCHPrivate.h */,
				4C469F5020EC60F000094EA4 /* ICLInlineContentProtocol.h */,
				4C469F5120EC60F000094EA4 /* ICLPluginManagerPrivate.h */,
				4C469F5220EC60F000094EA4 /* ICLInlineContentModulePrivate.h */,
				4C469F5320EC60F000094EA4 /* CoreModulesImportsPrivate.h */,
			);
			path = Private;
			sourceTree = "<group>";
		};
		4C469F5620EC60F000094EA4 /* Service */ = {
			isa = PBXGroup;
			children = (
				4C469F5D20EC60F000094EA4 /* ICLHelpers.m */,
				4C469F5720EC60F000094EA4 /* ICLInlineContentModule.m */,
				4C469F6020EC60F000094EA4 /* ICLMediaAssessment.m */,
				4C469F5820EC60F000094EA4 /* ICLMediaAssessor.m */,
				4C469F5920EC60F000094EA4 /* ICLPayloadLocal.m */,
				4C469F5E20EC60F000094EA4 /* ICLPayloadShared.m */,
				4C469F5F20EC60F000094EA4 /* ICLPluginManager.m */,
				4C469F5B20EC60F000094EA4 /* ICLProcessDelegate.m */,
				4C469F5A20EC60F000094EA4 /* ICLProcessMain.m */,
				4C469F5C20EC60F000094EA4 /* main.m */,
			);
			path = Service;
			sourceTree = "<group>";
		};
		4C469F6120EC60F000094EA4 /* Modules */ = {
			isa = PBXGroup;
			children = (
				4C469F6220EC60F000094EA4 /* Assessed Media */,
				4C469F6520EC60F000094EA4 /* Root Classes */,
			);
			path = Modules;
			sourceTree = "<group>";
		};
		4C469F6220EC60F000094EA4 /* Assessed Media */ = {
			isa = PBXGroup;
			children = (
				4C469F6320EC60F000094EA4 /* ICMAssessedMedia.h */,
				4C469F6420EC60F000094EA4 /* ICMAssessedMedia.m */,
			);
			path = "Assessed Media";
			sourceTree = "<group>";
		};
		4C469F6520EC60F000094EA4 /* Root Classes */ = {
			isa = PBXGroup;
			children = (
				4C469F6620EC60F000094EA4 /* ICMInlineVideo.h */,
				4C469F6720EC60F000094EA4 /* ICMInlineHTML.h */,
				4C469F6820EC60F000094EA4 /* ICMInlineImage.h */,
				4C469F6920EC60F000094EA4 /* ICMInlineVideo.m */,
				4C469F6A20EC60F000094EA4 /* ICMInlineImage.m */,
				4C469F6B20EC60F000094EA4 /* ICMInlineHTML.m */,
			);
			path = "Root Classes";
			sourceTree = "<group>";
		};
		4C469F9020EC610000094EA4 /* Shared */ = {
			isa = PBXGroup;
			children = (
				4C469F9120EC610000094EA4 /* Preferences */,
				4C469F9F20EC610000094EA4 /* Headers */,
			);
			name = Shared;
			path = ../../Sources/Shared;
			sourceTree = SOURCE_ROOT;
		};
		4C469F9120EC610000094EA4 /* Preferences */ = {
			isa = PBXGroup;
			children = (
				4C469F9220EC610000094EA4 /* TPCPreferences.m */,
				4C469F9320EC610000094EA4 /* TPCPreferencesUserDefaults.m */,
			);
			path = Preferences;
			sourceTree = "<group>";
		};
		4C469F9F20EC610000094EA4 /* Headers */ = {
			isa = PBXGroup;
			children = (
				4C469FB420EC610000094EA4 /* Services */,
				4C469FAC20EC610000094EA4 /* TPCPreferences.h */,
				4C469FA520EC610000094EA4 /* TPCPreferencesUserDefaults.h */,
			);
			path = Headers;
			sourceTree = "<group>";
		};
		4C469FB420EC610000094EA4 /* Services */ = {
			isa = PBXGroup;
			children = (
				4CE144E520EC0381000E01C9 /* ICLInlineContentProtocol.h */,
			);
			path = Services;
			sourceTree = "<group>";
		};
		4C469FE320EC61C900094EA4 /* Modules */ = {
			isa = PBXGroup;
			children = (
				4C469FE420EC61C900094EA4 /* ICMInlineImage.css */,
				4C469FE520EC61C900094EA4 /* ICMInlineImage.js */,
				4C469FE620EC61C900094EA4 /* ICMInlineVideo.js */,
				4C469FE720EC61C900094EA4 /* ICMInlineHTML.mustache */,
				4C469FE820EC61C900094EA4 /* ICMInlineHTML.css */,
				4C469FE920EC61C900094EA4 /* ICMInlineVideo.css */,
				4C469FEA20EC61C900094EA4 /* ICMInlineImage.mustache */,
				4C469FEB20EC61C900094EA4 /* ICMInlineHTML.js */,
				4C469FEC20EC61C900094EA4 /* InlineImageLiveResize.js */,
				4C469FED20EC61C900094EA4 /* ICMInlineVideo.mustache */,
			);
			path = Modules;
			sourceTree = "<group>";
		};
		4C469FEE20EC61C900094EA4 /* Property Lists */ = {
			isa = PBXGroup;
			children = (
				4C469FEF20EC61C900094EA4 /* Info.plist */,
			);
			path = "Property Lists";
			sourceTree = "<group>";
		};
		4C8C72D31F1208F200ED72DB /* External Frameworks */ = {
			isa = PBXGroup;
			children = (
				4CE58BA91F8A5F8500493E7C /* GRMustache.framework */,
				4CE1447F20EC01AD000E01C9 /* CocoaExtensions.framework */,
			);
			name = "External Frameworks";
			sourceTree = "<group>";
		};
		4C8C72D61F1208F200ED72DB /* System Frameworks */ = {
			isa = PBXGroup;
			children = (
				4C8C84381F8E5AE400062FFD /* ImageIO.framework */,
			);
			name = "System Frameworks";
			sourceTree = "<group>";
		};
		4C8C72D71F1208F200ED72DB /* Frameworks */ = {
			isa = PBXGroup;
			children = (
				4C8C72D31F1208F200ED72DB /* External Frameworks */,
				4C8C72D61F1208F200ED72DB /* System Frameworks */,
			);
			name = Frameworks;
			sourceTree = "<group>";
		};
		4C9A93381FA65960003C3DB5 /* Extensions */ = {
			isa = PBXGroup;
			children = (
				4C9A93391FA65970003C3DB5 /* Core Media.mediaPlugin */,
			);
			name = Extensions;
			sourceTree = "<group>";
		};
		4CA1FE8E1FA6261D0095901F /* Build Scripts */ = {
			isa = PBXGroup;
			children = (
				4CA1FE8D1FA6261A0095901F /* BuildExtensions.sh */,
			);
			path = "Build Scripts";
			sourceTree = SOURCE_ROOT;
		};
		4CE1448320EC02A3000E01C9 /* Build */ = {
			isa = PBXGroup;
			children = (
				4CE1448D20EC02A3000E01C9 /* App Store Release */,
				4CE1449720EC02A3000E01C9 /* Common */,
				4CE144AC20EC02A3000E01C9 /* Debug */,
				4CE1448420EC02A3000E01C9 /* Standard Release */,
				4CE144A320EC02A3000E01C9 /* Standard Release Sandboxed */,
			);
			path = Build;
			sourceTree = "<group>";
		};
		4CE1448420EC02A3000E01C9 /* Standard Release */ = {
			isa = PBXGroup;
			children = (
				4CE1448C20EC02A3000E01C9 /* Enabled Features.xcconfig */,
				4CE1448720EC02A3000E01C9 /* Textual.xcconfig */,
				4CE1448920EC02A3000E01C9 /* XPC Service - ICL.xcconfig */,
				4CE1448A20EC02A3000E01C9 /* XPC Services.xcconfig */,
			);
			path = "Standard Release";
			sourceTree = "<group>";
		};
		4CE1448D20EC02A3000E01C9 /* App Store Release */ = {
			isa = PBXGroup;
			children = (
				4CE1449520EC02A3000E01C9 /* Enabled Features.xcconfig */,
				4CE1449020EC02A3000E01C9 /* Textual.xcconfig */,
				4CE1449220EC02A3000E01C9 /* XPC Service - ICL.xcconfig */,
				4CE1449320EC02A3000E01C9 /* XPC Services.xcconfig */,
			);
			path = "App Store Release";
			sourceTree = "<group>";
		};
		4CE1449720EC02A3000E01C9 /* Common */ = {
			isa = PBXGroup;
			children = (
				4CE144A120EC02A3000E01C9 /* Foundation Debug.xcconfig */,
				4CE1449E20EC02A3000E01C9 /* Foundation.xcconfig */,
				4CE1449B20EC02A3000E01C9 /* Preserve Symbols.xcconfig */,
				4CE1449A20EC02A3000E01C9 /* Textual.xcconfig */,
				4CE1449D20EC02A3000E01C9 /* XPC Service - ICL.xcconfig */,
				4CE1449F20EC02A3000E01C9 /* XPC Services.xcconfig */,
			);
			path = Common;
			sourceTree = "<group>";
		};
		4CE144A320EC02A3000E01C9 /* Standard Release Sandboxed */ = {
			isa = PBXGroup;
			children = (
				4CE144AB20EC02A3000E01C9 /* Enabled Features.xcconfig */,
				4CE144A620EC02A3000E01C9 /* Textual.xcconfig */,
				4CE144A820EC02A3000E01C9 /* XPC Service - ICL.xcconfig */,
				4CE144A920EC02A3000E01C9 /* XPC Services.xcconfig */,
			);
			path = "Standard Release Sandboxed";
			sourceTree = "<group>";
		};
		4CE144AC20EC02A3000E01C9 /* Debug */ = {
			isa = PBXGroup;
			children = (
				4CE144B420EC02A3000E01C9 /* Enabled Features.xcconfig */,
				4CE144AF20EC02A3000E01C9 /* Textual.xcconfig */,
				4CE144B120EC02A3000E01C9 /* XPC Service - ICL.xcconfig */,
				4CE144B220EC02A3000E01C9 /* XPC Services.xcconfig */,
			);
			path = Debug;
			sourceTree = "<group>";
		};
		4CE144B520EC02A3000E01C9 /* Sandbox */ = {
			isa = PBXGroup;
			children = (
				4CE144E320EC02BD000E01C9 /* App Store.entitlements */,
				4CE144E420EC02BD000E01C9 /* Release.entitlements */,
			);
			name = Sandbox;
			path = Configurations/Sandbox;
			sourceTree = SOURCE_ROOT;
		};
/* End PBXGroup section */

/* Begin PBXHeadersBuildPhase section */
		4CB5C5411FA225EA00E65FB5 /* Headers */ = {
			isa = PBXHeadersBuildPhase;
			buildActionMask = 2147483647;
			files = (
				4C469F8C20EC60F100094EA4 /* ICMInlineImage.h in Headers */,
				4C469FCF20EC610000094EA4 /* TPCPreferencesUserDefaults.h in Headers */,
				4C469F6C20EC60F000094EA4 /* ICLHelpers.h in Headers */,
				4C469FD520EC610000094EA4 /* TPCPreferences.h in Headers */,
				4C469F7620EC60F100094EA4 /* ICLProcessMainPrivate.h in Headers */,
				4C469F7420EC60F100094EA4 /* ICLProcessDelegatePrivate.h in Headers */,
				4C469F7D20EC60F100094EA4 /* ICLInlineContentModule.h in Headers */,
				4C469F7820EC60F100094EA4 /* ICLInlineContentProtocol.h in Headers */,
				4C469F6E20EC60F100094EA4 /* ICLInlineContentModuleInternal.h in Headers */,
				4C469F6F20EC60F100094EA4 /* ICLMediaAssessmentInternal.h in Headers */,
				4C469F8A20EC60F100094EA4 /* ICMInlineVideo.h in Headers */,
				4C469F7920EC60F100094EA4 /* ICLPluginManagerPrivate.h in Headers */,
				4C469F7320EC60F100094EA4 /* ICLPluginProtocol.h in Headers */,
				4C469F7120EC60F100094EA4 /* ICLMediaAssessment.h in Headers */,
				4C469F6D20EC60F000094EA4 /* ICLPayloadInternal.h in Headers */,
				4C469F7720EC60F100094EA4 /* ICLProcessPCHPrivate.h in Headers */,
				4C469F7C20EC60F100094EA4 /* ICLMediaAssessor.h in Headers */,
				4C469F7A20EC60F100094EA4 /* ICLInlineContentModulePrivate.h in Headers */,
				4C469F8820EC60F100094EA4 /* ICMAssessedMedia.h in Headers */,
				4C469F7020EC60F100094EA4 /* ICLMediaType.h in Headers */,
				4C469F7B20EC60F100094EA4 /* CoreModulesImportsPrivate.h in Headers */,
				4C469F7220EC60F100094EA4 /* ICLPayload.h in Headers */,
				4C469F7520EC60F100094EA4 /* ICLPayloadPrivate.h in Headers */,
				4C469F8B20EC60F100094EA4 /* ICMInlineHTML.h in Headers */,
			);
			runOnlyForDeploymentPostprocessing = 0;
		};
/* End PBXHeadersBuildPhase section */

/* Begin PBXNativeTarget section */
		4C1406411F11942B00C73D53 /* Inline Content Loader */ = {
			isa = PBXNativeTarget;
			buildConfigurationList = 4C14064E1F11942B00C73D53 /* Build configuration list for PBXNativeTarget "Inline Content Loader" */;
			buildPhases = (
				4C1406401F11942B00C73D53 /* Resources */,
				4C8C842B1F8E347500062FFD /* Copy Bundle Resources */,
				4C14063F1F11942B00C73D53 /* Frameworks */,
				4C14063E1F11942B00C73D53 /* Sources */,
				4CB5C5411FA225EA00E65FB5 /* Headers */,
				4C03B5311FA6277A00748FE7 /* Build Extensions */,
				4C03B6781FA656CE00748FE7 /* Copy Extensions */,
			);
			buildRules = (
			);
			dependencies = (
			);
			name = "Inline Content Loader";
			productName = "Connection Manager";
			productReference = 4C1406421F11942B00C73D53 /* InlineContentLoader.xpc */;
			productType = "com.apple.product-type.xpc-service";
		};
/* End PBXNativeTarget section */

/* Begin PBXProject section */
		4C14063A1F11942B00C73D53 /* Project object */ = {
			isa = PBXProject;
			attributes = {
				LastUpgradeCheck = 1100;
				ORGANIZATIONNAME = "Codeux Software, LLC";
				TargetAttributes = {
					4C1406411F11942B00C73D53 = {
						CreatedOnToolsVersion = 8.0;
						ProvisioningStyle = Manual;
					};
				};
			};
			buildConfigurationList = 4C14063D1F11942B00C73D53 /* Build configuration list for PBXProject "Inline Content Loader" */;
			compatibilityVersion = "Xcode 8.0";
			developmentRegion = en;
			hasScannedForEncodings = 0;
			knownRegions = (
				en,
				Base,
			);
			mainGroup = 4C1406391F11942B00C73D53;
			productRefGroup = 4C1406431F11942B00C73D53 /* Products */;
			projectDirPath = "";
			projectRoot = "";
			targets = (
				4C1406411F11942B00C73D53 /* Inline Content Loader */,
			);
		};
/* End PBXProject section */

/* Begin PBXResourcesBuildPhase section */
		4C1406401F11942B00C73D53 /* Resources */ = {
			isa = PBXResourcesBuildPhase;
			buildActionMask = 2147483647;
			files = (
				4C469FF820EC61C900094EA4 /* InlineImageLiveResize.js in Resources */,
			);
			runOnlyForDeploymentPostprocessing = 0;
		};
/* End PBXResourcesBuildPhase section */

/* Begin PBXShellScriptBuildPhase section */
		4C03B5311FA6277A00748FE7 /* Build Extensions */ = {
			isa = PBXShellScriptBuildPhase;
			buildActionMask = 2147483647;
			files = (
			);
			inputPaths = (
			);
			name = "Build Extensions";
			outputPaths = (
			);
			runOnlyForDeploymentPostprocessing = 0;
			shellPath = /bin/sh;
			shellScript = "\nexec \"${PROJECT_DIR}/Build Scripts/BuildExtensions.sh\" | tee \"${TEXTUAL_WORKSPACE_TEMP_DIR}/Script-Logs/BuildExtensions (ICL).txt\"\n";
		};
/* End PBXShellScriptBuildPhase section */

/* Begin PBXSourcesBuildPhase section */
		4C14063E1F11942B00C73D53 /* Sources */ = {
			isa = PBXSourcesBuildPhase;
			buildActionMask = 2147483647;
			files = (
				4C469F7F20EC60F100094EA4 /* ICLMediaAssessor.m in Sources */,
				4C469FC220EC610000094EA4 /* TPCPreferences.m in Sources */,
				4C469FC320EC610000094EA4 /* TPCPreferencesUserDefaults.m in Sources */,
				4C469F8520EC60F100094EA4 /* ICLPayloadShared.m in Sources */,
				4C469F8420EC60F100094EA4 /* ICLHelpers.m in Sources */,
				4C469F8D20EC60F100094EA4 /* ICMInlineVideo.m in Sources */,
				4C469F7E20EC60F100094EA4 /* ICLInlineContentModule.m in Sources */,
				4C469F8020EC60F100094EA4 /* ICLPayloadLocal.m in Sources */,
				4C469F8720EC60F100094EA4 /* ICLMediaAssessment.m in Sources */,
				4C469F8620EC60F100094EA4 /* ICLPluginManager.m in Sources */,
				4C469F8220EC60F100094EA4 /* ICLProcessDelegate.m in Sources */,
				4C469F8120EC60F100094EA4 /* ICLProcessMain.m in Sources */,
				4C469F8920EC60F100094EA4 /* ICMAssessedMedia.m in Sources */,
				4C469F8F20EC60F100094EA4 /* ICMInlineHTML.m in Sources */,
				4C469F8E20EC60F100094EA4 /* ICMInlineImage.m in Sources */,
				4C469F8320EC60F100094EA4 /* main.m in Sources */,
			);
			runOnlyForDeploymentPostprocessing = 0;
		};
/* End PBXSourcesBuildPhase section */

/* Begin XCBuildConfiguration section */
		4C14064C1F11942B00C73D53 /* Debug */ = {
			isa = XCBuildConfiguration;
			baseConfigurationReference = 4CE144B120EC02A3000E01C9 /* XPC Service - ICL.xcconfig */;
			buildSettings = {
			};
			name = Debug;
		};
		4C14064D1F11942B00C73D53 /* Release */ = {
			isa = XCBuildConfiguration;
			baseConfigurationReference = 4CE1448920EC02A3000E01C9 /* XPC Service - ICL.xcconfig */;
			buildSettings = {
			};
			name = Release;
		};
		4C14064F1F11942B00C73D53 /* Debug */ = {
			isa = XCBuildConfiguration;
			buildSettings = {
				CODE_SIGN_ENTITLEMENTS = "${PROJECT_DIR}/Configurations/Sandbox/Release.entitlements";
				GCC_PREFIX_HEADER = "${PROJECT_DIR}/Classes/Headers/Private/ICLProcessPCHPrivate.h";
				INFOPLIST_FILE = "Resources/Property Lists/Info.plist";
				PRODUCT_BUNDLE_IDENTIFIER = "com.codeux.app-utilities.Textual-InlineContentLoader";
				PRODUCT_NAME = InlineContentLoader;
			};
			name = Debug;
		};
		4C1406501F11942B00C73D53 /* Release */ = {
			isa = XCBuildConfiguration;
			buildSettings = {
				CODE_SIGN_ENTITLEMENTS = "${PROJECT_DIR}/Configurations/Sandbox/Release.entitlements";
				GCC_PREFIX_HEADER = "${PROJECT_DIR}/Classes/Headers/Private/ICLProcessPCHPrivate.h";
				INFOPLIST_FILE = "Resources/Property Lists/Info.plist";
				PRODUCT_BUNDLE_IDENTIFIER = "com.codeux.app-utilities.Textual-InlineContentLoader";
				PRODUCT_NAME = InlineContentLoader;
			};
			name = Release;
		};
		4C1406641F11965A00C73D53 /* Release (App Store) */ = {
			isa = XCBuildConfiguration;
			baseConfigurationReference = 4CE1449220EC02A3000E01C9 /* XPC Service - ICL.xcconfig */;
			buildSettings = {
			};
			name = "Release (App Store)";
		};
		4C1406651F11965A00C73D53 /* Release (App Store) */ = {
			isa = XCBuildConfiguration;
			buildSettings = {
				CODE_SIGN_ENTITLEMENTS = "${PROJECT_DIR}/Configurations/Sandbox/App Store.entitlements";
				GCC_PREFIX_HEADER = "${PROJECT_DIR}/Classes/Headers/Private/ICLProcessPCHPrivate.h";
				INFOPLIST_FILE = "Resources/Property Lists/Info.plist";
				PRODUCT_BUNDLE_IDENTIFIER = "com.codeux.app-utilities.Textual-InlineContentLoader";
				PRODUCT_NAME = InlineContentLoader;
			};
			name = "Release (App Store)";
		};
/* End XCBuildConfiguration section */

/* Begin XCConfigurationList section */
		4C14063D1F11942B00C73D53 /* Build configuration list for PBXProject "Inline Content Loader" */ = {
			isa = XCConfigurationList;
			buildConfigurations = (
				4C14064C1F11942B00C73D53 /* Debug */,
				4C14064D1F11942B00C73D53 /* Release */,
				4C1406641F11965A00C73D53 /* Release (App Store) */,
			);
			defaultConfigurationIsVisible = 0;
			defaultConfigurationName = Release;
		};
		4C14064E1F11942B00C73D53 /* Build configuration list for PBXNativeTarget "Inline Content Loader" */ = {
			isa = XCConfigurationList;
			buildConfigurations = (
				4C14064F1F11942B00C73D53 /* Debug */,
				4C1406501F11942B00C73D53 /* Release */,
				4C1406651F11965A00C73D53 /* Release (App Store) */,
			);
			defaultConfigurationIsVisible = 0;
			defaultConfigurationName = Release;
		};
/* End XCConfigurationList section */
	};
	rootObject = 4C14063A1F11942B00C73D53 /* Project object */;
}
