// !$*UTF8*$!
{
	archiveVersion = 1;
	classes = {
	};
	objectVersion = 48;
	objects = {

/* Begin PBXBuildFile section */
		4C06DE7E20EC48560055D09A /* Security.framework in Frameworks */ = {isa = PBXBuildFile; fileRef = 4CAC2A071F12AFFB00D06046 /* Security.framework */; };
		4C06DE7F20EC48560055D09A /* SecurityInterface.framework in Frameworks */ = {isa = PBXBuildFile; fileRef = 4CAC2A081F12AFFB00D06046 /* SecurityInterface.framework */; };
		4C06DE8020EC48570055D09A /* SystemConfiguration.framework in Frameworks */ = {isa = PBXBuildFile; fileRef = 4CAC2A0B1F12B01700D06046 /* SystemConfiguration.framework */; };
		4C36AAD120F27BDA007CA939 /* SecureTransportErrorCodes.strings in Resources */ = {isa = PBXBuildFile; fileRef = 4C36AACF20F27BDA007CA939 /* SecureTransportErrorCodes.strings */; };
		4C46A06820EC68B800094EA4 /* RCMTrustPanel.m in Sources */ = {isa = PBXBuildFile; fileRef = 4C46A05120EC67E300094EA4 /* RCMTrustPanel.m */; };
		4C46A06920EC68B800094EA4 /* NSObjectHelper.m in Sources */ = {isa = PBXBuildFile; fileRef = 4C46A05720EC67E300094EA4 /* NSObjectHelper.m */; };
		4C46A06A20EC68B800094EA4 /* IRCConnectionConfig.m in Sources */ = {isa = PBXBuildFile; fileRef = 4C46A02B20EC67E300094EA4 /* IRCConnectionConfig.m */; };
		4C46A06B20EC68B800094EA4 /* GCDAsyncSocket.m in Sources */ = {isa = PBXBuildFile; fileRef = 4C46A02F20EC67E300094EA4 /* GCDAsyncSocket.m */; settings = {COMPILER_FLAGS = "-Wno-implicit-retain-self"; }; };
		4C46A06C20EC68B800094EA4 /* GCDAsyncSocketExtensions.m in Sources */ = {isa = PBXBuildFile; fileRef = 4C46A03120EC67E300094EA4 /* GCDAsyncSocketExtensions.m */; };
		4C46A06D20EC68B800094EA4 /* TLOTimer.m in Sources */ = {isa = PBXBuildFile; fileRef = 4C46A03220EC67E300094EA4 /* TLOTimer.m */; };
		4C46A06F20EC68B800094EA4 /* RCMSecureTransport.m in Sources */ = {isa = PBXBuildFile; fileRef = 4C46A03420EC67E300094EA4 /* RCMSecureTransport.m */; };
		4C46A07020EC68B800094EA4 /* main.m in Sources */ = {isa = PBXBuildFile; fileRef = 4C46A00C20EC626E00094EA4 /* main.m */; };
		4C46A07120EC68B800094EA4 /* RCMProcessDelegate.m in Sources */ = {isa = PBXBuildFile; fileRef = 4C46A00A20EC626E00094EA4 /* RCMProcessDelegate.m */; };
		4C46A07220EC68B800094EA4 /* RCMProcessMain.m in Sources */ = {isa = PBXBuildFile; fileRef = 4C46A00B20EC626E00094EA4 /* RCMProcessMain.m */; };
		4C46A07320EC68C000094EA4 /* IRCConnection.swift in Sources */ = {isa = PBXBuildFile; fileRef = 4C469FFF20EC626E00094EA4 /* IRCConnection.swift */; };
		4C46A07420EC68C000094EA4 /* IRCConnectionSocket.swift in Sources */ = {isa = PBXBuildFile; fileRef = 4C46A00020EC626E00094EA4 /* IRCConnectionSocket.swift */; };
		4C46A07520EC68C000094EA4 /* IRCConnectionSocketClassic.swift in Sources */ = {isa = PBXBuildFile; fileRef = 4C469FFE20EC626E00094EA4 /* IRCConnectionSocketClassic.swift */; };
		4C46A07620EC68C000094EA4 /* IRCConnectionSocketNWF.swift in Sources */ = {isa = PBXBuildFile; fileRef = 4C469FFD20EC626E00094EA4 /* IRCConnectionSocketNWF.swift */; };
		4C5274DC20F7D49000B18F9D /* ConnectionErrors.strings in Resources */ = {isa = PBXBuildFile; fileRef = 4C5274DA20F7D49000B18F9D /* ConnectionErrors.strings */; };
		4C5274DE20F8D50C00B18F9D /* IRCConnectionErrors.m in Sources */ = {isa = PBXBuildFile; fileRef = 4C5274DD20F8D50C00B18F9D /* IRCConnectionErrors.m */; };
		4CACDB5820F747710075AFB5 /* TLOLocalization.m in Sources */ = {isa = PBXBuildFile; fileRef = 4CACDB5720F747710075AFB5 /* TLOLocalization.m */; };
		4CACDB5B20F7496D0075AFB5 /* TLOLocalization.swift in Sources */ = {isa = PBXBuildFile; fileRef = 4CACDB5A20F7496D0075AFB5 /* TLOLocalization.swift */; };
		4CE144EB20EC04F1000E01C9 /* CocoaExtensions.framework in Frameworks */ = {isa = PBXBuildFile; fileRef = 4C8C72D21F1208F200ED72DB /* CocoaExtensions.framework */; };
/* End PBXBuildFile section */

/* Begin PBXFileReference section */
		4C1406421F11942B00C73D53 /* RemoteConnectionManager.xpc */ = {isa = PBXFileReference; explicitFileType = "wrapper.xpc-service"; includeInIndex = 0; path = RemoteConnectionManager.xpc; sourceTree = BUILT_PRODUCTS_DIR; };
		4C36AAD020F27BDA007CA939 /* en */ = {isa = PBXFileReference; lastKnownFileType = text.plist.strings; name = en; path = en.lproj/SecureTransportErrorCodes.strings; sourceTree = "<group>"; };
		4C469FFD20EC626E00094EA4 /* IRCConnectionSocketNWF.swift */ = {isa = PBXFileReference; lastKnownFileType = sourcecode.swift; path = IRCConnectionSocketNWF.swift; sourceTree = "<group>"; };
		4C469FFE20EC626E00094EA4 /* IRCConnectionSocketClassic.swift */ = {isa = PBXFileReference; lastKnownFileType = sourcecode.swift; path = IRCConnectionSocketClassic.swift; sourceTree = "<group>"; };
		4C469FFF20EC626E00094EA4 /* IRCConnection.swift */ = {isa = PBXFileReference; lastKnownFileType = sourcecode.swift; path = IRCConnection.swift; sourceTree = "<group>"; };
		4C46A00020EC626E00094EA4 /* IRCConnectionSocket.swift */ = {isa = PBXFileReference; lastKnownFileType = sourcecode.swift; path = IRCConnectionSocket.swift; sourceTree = "<group>"; };
		4C46A00320EC626E00094EA4 /* RCMProcessMainPrivate.h */ = {isa = PBXFileReference; lastKnownFileType = sourcecode.c.h; path = RCMProcessMainPrivate.h; sourceTree = "<group>"; };
		4C46A00420EC626E00094EA4 /* RCMConnectionManagerProtocol.h */ = {isa = PBXFileReference; lastKnownFileType = sourcecode.c.h; path = RCMConnectionManagerProtocol.h; sourceTree = "<group>"; };
		4C46A00520EC626E00094EA4 /* SwiftBridgingHeaderPrivate.h */ = {isa = PBXFileReference; lastKnownFileType = sourcecode.c.h; path = SwiftBridgingHeaderPrivate.h; sourceTree = "<group>"; };
		4C46A00620EC626E00094EA4 /* RCMProcessDelegatePrivate.h */ = {isa = PBXFileReference; lastKnownFileType = sourcecode.c.h; path = RCMProcessDelegatePrivate.h; sourceTree = "<group>"; };
		4C46A00720EC626E00094EA4 /* RCMProcessPCHPrivate.h */ = {isa = PBXFileReference; lastKnownFileType = sourcecode.c.h; path = RCMProcessPCHPrivate.h; sourceTree = "<group>"; };
		4C46A00820EC626E00094EA4 /* IRCConnectionPrivate.h */ = {isa = PBXFileReference; lastKnownFileType = sourcecode.c.h; path = IRCConnectionPrivate.h; sourceTree = "<group>"; };
		4C46A00A20EC626E00094EA4 /* RCMProcessDelegate.m */ = {isa = PBXFileReference; lastKnownFileType = sourcecode.c.objc; path = RCMProcessDelegate.m; sourceTree = "<group>"; };
		4C46A00B20EC626E00094EA4 /* RCMProcessMain.m */ = {isa = PBXFileReference; lastKnownFileType = sourcecode.c.objc; path = RCMProcessMain.m; sourceTree = "<group>"; };
		4C46A00C20EC626E00094EA4 /* main.m */ = {isa = PBXFileReference; lastKnownFileType = sourcecode.c.objc; path = main.m; sourceTree = "<group>"; };
		4C46A02220EC677B00094EA4 /* Info.plist */ = {isa = PBXFileReference; lastKnownFileType = text.plist.xml; path = Info.plist; sourceTree = "<group>"; };
		4C46A02B20EC67E300094EA4 /* IRCConnectionConfig.m */ = {isa = PBXFileReference; fileEncoding = 4; lastKnownFileType = sourcecode.c.objc; path = IRCConnectionConfig.m; sourceTree = "<group>"; };
		4C46A02F20EC67E300094EA4 /* GCDAsyncSocket.m */ = {isa = PBXFileReference; fileEncoding = 4; lastKnownFileType = sourcecode.c.objc; path = GCDAsyncSocket.m; sourceTree = "<group>"; };
		4C46A03120EC67E300094EA4 /* GCDAsyncSocketExtensions.m */ = {isa = PBXFileReference; fileEncoding = 4; lastKnownFileType = sourcecode.c.objc; path = GCDAsyncSocketExtensions.m; sourceTree = "<group>"; };
		4C46A03220EC67E300094EA4 /* TLOTimer.m */ = {isa = PBXFileReference; fileEncoding = 4; lastKnownFileType = sourcecode.c.objc; path = TLOTimer.m; sourceTree = "<group>"; };
		4C46A03420EC67E300094EA4 /* RCMSecureTransport.m */ = {isa = PBXFileReference; fileEncoding = 4; lastKnownFileType = sourcecode.c.objc; path = RCMSecureTransport.m; sourceTree = "<group>"; };
		4C46A03720EC67E300094EA4 /* GCDAsyncSocketExtensions.h */ = {isa = PBXFileReference; fileEncoding = 4; lastKnownFileType = sourcecode.c.h; path = GCDAsyncSocketExtensions.h; sourceTree = "<group>"; };
		4C46A03820EC67E300094EA4 /* GCDAsyncSocket.h */ = {isa = PBXFileReference; fileEncoding = 4; lastKnownFileType = sourcecode.c.h; path = GCDAsyncSocket.h; sourceTree = "<group>"; };
		4C46A03920EC67E300094EA4 /* RCMSecureTransport.h */ = {isa = PBXFileReference; fileEncoding = 4; lastKnownFileType = sourcecode.c.h; path = RCMSecureTransport.h; sourceTree = "<group>"; };
		4C46A03C20EC67E300094EA4 /* IRCConnectionConfig.h */ = {isa = PBXFileReference; fileEncoding = 4; lastKnownFileType = sourcecode.c.h; path = IRCConnectionConfig.h; sourceTree = "<group>"; };
		4C46A03F20EC67E300094EA4 /* IRCConnectionConfigInternal.h */ = {isa = PBXFileReference; fileEncoding = 4; lastKnownFileType = sourcecode.c.h; path = IRCConnectionConfigInternal.h; sourceTree = "<group>"; };
		4C46A04620EC67E300094EA4 /* NSObjectHelperPrivate.h */ = {isa = PBXFileReference; fileEncoding = 4; lastKnownFileType = sourcecode.c.h; path = NSObjectHelperPrivate.h; sourceTree = "<group>"; };
		4C46A04A20EC67E300094EA4 /* RCMTrustPanel.h */ = {isa = PBXFileReference; fileEncoding = 4; lastKnownFileType = sourcecode.c.h; path = RCMTrustPanel.h; sourceTree = "<group>"; };
		4C46A04B20EC67E300094EA4 /* TLOTimer.h */ = {isa = PBXFileReference; fileEncoding = 4; lastKnownFileType = sourcecode.c.h; path = TLOTimer.h; sourceTree = "<group>"; };
		4C46A05120EC67E300094EA4 /* RCMTrustPanel.m */ = {isa = PBXFileReference; fileEncoding = 4; lastKnownFileType = sourcecode.c.objc; path = RCMTrustPanel.m; sourceTree = "<group>"; };
		4C46A05720EC67E300094EA4 /* NSObjectHelper.m */ = {isa = PBXFileReference; fileEncoding = 4; lastKnownFileType = sourcecode.c.objc; path = NSObjectHelper.m; sourceTree = "<group>"; };
		4C46A06720EC687500094EA4 /* RCMConnectionManagerProtocol.h */ = {isa = PBXFileReference; lastKnownFileType = sourcecode.c.h; name = RCMConnectionManagerProtocol.h; path = Classes/Headers/Private/RCMConnectionManagerProtocol.h; sourceTree = SOURCE_ROOT; };
		4C5274DB20F7D49000B18F9D /* en */ = {isa = PBXFileReference; lastKnownFileType = text.plist.strings; name = en; path = en.lproj/ConnectionErrors.strings; sourceTree = "<group>"; };
		4C5274DD20F8D50C00B18F9D /* IRCConnectionErrors.m */ = {isa = PBXFileReference; fileEncoding = 4; lastKnownFileType = sourcecode.c.objc; path = IRCConnectionErrors.m; sourceTree = "<group>"; };
		4C5274DF20F8D52C00B18F9D /* IRCConnectionErrors.h */ = {isa = PBXFileReference; lastKnownFileType = sourcecode.c.h; path = IRCConnectionErrors.h; sourceTree = "<group>"; };
		4C8C72D21F1208F200ED72DB /* CocoaExtensions.framework */ = {isa = PBXFileReference; lastKnownFileType = wrapper.framework; name = CocoaExtensions.framework; path = "../../.tmp/SharedBuildProducts-Frameworks/CocoaExtensions.framework"; sourceTree = SOURCE_ROOT; };
		4CAC2A071F12AFFB00D06046 /* Security.framework */ = {isa = PBXFileReference; lastKnownFileType = wrapper.framework; name = Security.framework; path = System/Library/Frameworks/Security.framework; sourceTree = SDKROOT; };
		4CAC2A081F12AFFB00D06046 /* SecurityInterface.framework */ = {isa = PBXFileReference; lastKnownFileType = wrapper.framework; name = SecurityInterface.framework; path = System/Library/Frameworks/SecurityInterface.framework; sourceTree = SDKROOT; };
		4CAC2A0B1F12B01700D06046 /* SystemConfiguration.framework */ = {isa = PBXFileReference; lastKnownFileType = wrapper.framework; name = SystemConfiguration.framework; path = System/Library/Frameworks/SystemConfiguration.framework; sourceTree = SDKROOT; };
		4CACDB5720F747710075AFB5 /* TLOLocalization.m */ = {isa = PBXFileReference; fileEncoding = 4; lastKnownFileType = sourcecode.c.objc; path = TLOLocalization.m; sourceTree = "<group>"; };
		4CACDB5920F747850075AFB5 /* TLOLocalization.h */ = {isa = PBXFileReference; lastKnownFileType = sourcecode.c.h; path = TLOLocalization.h; sourceTree = "<group>"; };
		4CACDB5A20F7496D0075AFB5 /* TLOLocalization.swift */ = {isa = PBXFileReference; lastKnownFileType = sourcecode.swift; path = TLOLocalization.swift; sourceTree = "<group>"; };
		4CE143F920EBF5DB000E01C9 /* Textual.xcconfig */ = {isa = PBXFileReference; fileEncoding = 4; lastKnownFileType = text.xcconfig; path = Textual.xcconfig; sourceTree = "<group>"; };
		4CE143FC20EBF5DB000E01C9 /* XPC Services.xcconfig */ = {isa = PBXFileReference; fileEncoding = 4; lastKnownFileType = text.xcconfig; path = "XPC Services.xcconfig"; sourceTree = "<group>"; };
		4CE143FE20EBF5DB000E01C9 /* Enabled Features.xcconfig */ = {isa = PBXFileReference; fileEncoding = 4; lastKnownFileType = text.xcconfig; path = "Enabled Features.xcconfig"; sourceTree = "<group>"; };
		4CE1440220EBF5DB000E01C9 /* Textual.xcconfig */ = {isa = PBXFileReference; fileEncoding = 4; lastKnownFileType = text.xcconfig; path = Textual.xcconfig; sourceTree = "<group>"; };
		4CE1440520EBF5DB000E01C9 /* XPC Services.xcconfig */ = {isa = PBXFileReference; fileEncoding = 4; lastKnownFileType = text.xcconfig; path = "XPC Services.xcconfig"; sourceTree = "<group>"; };
		4CE1440720EBF5DB000E01C9 /* Enabled Features.xcconfig */ = {isa = PBXFileReference; fileEncoding = 4; lastKnownFileType = text.xcconfig; path = "Enabled Features.xcconfig"; sourceTree = "<group>"; };
		4CE1440C20EBF5DB000E01C9 /* Textual.xcconfig */ = {isa = PBXFileReference; fileEncoding = 4; lastKnownFileType = text.xcconfig; path = Textual.xcconfig; sourceTree = "<group>"; };
		4CE1440D20EBF5DB000E01C9 /* Preserve Symbols.xcconfig */ = {isa = PBXFileReference; fileEncoding = 4; lastKnownFileType = text.xcconfig; path = "Preserve Symbols.xcconfig"; sourceTree = "<group>"; };
		4CE1441020EBF5DB000E01C9 /* Foundation.xcconfig */ = {isa = PBXFileReference; fileEncoding = 4; lastKnownFileType = text.xcconfig; path = Foundation.xcconfig; sourceTree = "<group>"; };
		4CE1441120EBF5DB000E01C9 /* XPC Services.xcconfig */ = {isa = PBXFileReference; fileEncoding = 4; lastKnownFileType = text.xcconfig; path = "XPC Services.xcconfig"; sourceTree = "<group>"; };
		4CE1441320EBF5DB000E01C9 /* Foundation Debug.xcconfig */ = {isa = PBXFileReference; fileEncoding = 4; lastKnownFileType = text.xcconfig; path = "Foundation Debug.xcconfig"; sourceTree = "<group>"; };
		4CE1441820EBF5DB000E01C9 /* Textual.xcconfig */ = {isa = PBXFileReference; fileEncoding = 4; lastKnownFileType = text.xcconfig; path = Textual.xcconfig; sourceTree = "<group>"; };
		4CE1441B20EBF5DB000E01C9 /* XPC Services.xcconfig */ = {isa = PBXFileReference; fileEncoding = 4; lastKnownFileType = text.xcconfig; path = "XPC Services.xcconfig"; sourceTree = "<group>"; };
		4CE1441D20EBF5DB000E01C9 /* Enabled Features.xcconfig */ = {isa = PBXFileReference; fileEncoding = 4; lastKnownFileType = text.xcconfig; path = "Enabled Features.xcconfig"; sourceTree = "<group>"; };
		4CE1442120EBF5DB000E01C9 /* Textual.xcconfig */ = {isa = PBXFileReference; fileEncoding = 4; lastKnownFileType = text.xcconfig; path = Textual.xcconfig; sourceTree = "<group>"; };
		4CE1442420EBF5DB000E01C9 /* XPC Services.xcconfig */ = {isa = PBXFileReference; fileEncoding = 4; lastKnownFileType = text.xcconfig; path = "XPC Services.xcconfig"; sourceTree = "<group>"; };
		4CE1442620EBF5DB000E01C9 /* Enabled Features.xcconfig */ = {isa = PBXFileReference; fileEncoding = 4; lastKnownFileType = text.xcconfig; path = "Enabled Features.xcconfig"; sourceTree = "<group>"; };
		4CE1445520EBF641000E01C9 /* Network.framework */ = {isa = PBXFileReference; lastKnownFileType = wrapper.framework; name = Network.framework; path = System/Library/Frameworks/Network.framework; sourceTree = SDKROOT; };
		4CE1448120EC0209000E01C9 /* Release.entitlements */ = {isa = PBXFileReference; lastKnownFileType = text.plist.entitlements; path = Release.entitlements; sourceTree = "<group>"; };
		4CE1448220EC020A000E01C9 /* App Store.entitlements */ = {isa = PBXFileReference; lastKnownFileType = text.plist.entitlements; path = "App Store.entitlements"; sourceTree = "<group>"; };
/* End PBXFileReference section */

/* Begin PBXFrameworksBuildPhase section */
		4C14063F1F11942B00C73D53 /* Frameworks */ = {
			isa = PBXFrameworksBuildPhase;
			buildActionMask = 2147483647;
			files = (
				4CE144EB20EC04F1000E01C9 /* CocoaExtensions.framework in Frameworks */,
				4C06DE7E20EC48560055D09A /* Security.framework in Frameworks */,
				4C06DE7F20EC48560055D09A /* SecurityInterface.framework in Frameworks */,
				4C06DE8020EC48570055D09A /* SystemConfiguration.framework in Frameworks */,
			);
			runOnlyForDeploymentPostprocessing = 0;
		};
/* End PBXFrameworksBuildPhase section */

/* Begin PBXGroup section */
		4C1406391F11942B00C73D53 = {
			isa = PBXGroup;
			children = (
				4C469FFB20EC626E00094EA4 /* Classes */,
				4C1406521F1194E900C73D53 /* Resources */,
				4C8C72D71F1208F200ED72DB /* Frameworks */,
				4C1406431F11942B00C73D53 /* Products */,
			);
			sourceTree = "<group>";
		};
		4C1406431F11942B00C73D53 /* Products */ = {
			isa = PBXGroup;
			children = (
				4C1406421F11942B00C73D53 /* RemoteConnectionManager.xpc */,
			);
			name = Products;
			sourceTree = "<group>";
		};
		4C1406521F1194E900C73D53 /* Resources */ = {
			isa = PBXGroup;
			children = (
				4C1406531F1194F100C73D53 /* Build Settings */,
				4C46A01C20EC677B00094EA4 /* Language Files */,
				4C46A02120EC677B00094EA4 /* Property Lists */,
			);
			path = Resources;
			sourceTree = "<group>";
		};
		4C1406531F1194F100C73D53 /* Build Settings */ = {
			isa = PBXGroup;
			children = (
				4C1406541F1194F900C73D53 /* Configurations */,
			);
			name = "Build Settings";
			sourceTree = "<group>";
		};
		4C1406541F1194F900C73D53 /* Configurations */ = {
			isa = PBXGroup;
			children = (
				4CE143F520EBF5DB000E01C9 /* Build */,
				4CE1442720EBF5DB000E01C9 /* Sandbox */,
			);
			name = Configurations;
			path = ../../Configurations;
			sourceTree = SOURCE_ROOT;
		};
		4C469FFB20EC626E00094EA4 /* Classes */ = {
			isa = PBXGroup;
			children = (
				4C46A02620EC67E300094EA4 /* Shared */,
				4C46A00120EC626E00094EA4 /* Headers */,
				4C469FFC20EC626E00094EA4 /* IRC */,
				4C46A00920EC626E00094EA4 /* Service */,
			);
			path = Classes;
			sourceTree = "<group>";
		};
		4C469FFC20EC626E00094EA4 /* IRC */ = {
			isa = PBXGroup;
			children = (
				4C469FFF20EC626E00094EA4 /* IRCConnection.swift */,
				4C46A00020EC626E00094EA4 /* IRCConnectionSocket.swift */,
				4C469FFE20EC626E00094EA4 /* IRCConnectionSocketClassic.swift */,
				4C469FFD20EC626E00094EA4 /* IRCConnectionSocketNWF.swift */,
			);
			path = IRC;
			sourceTree = "<group>";
		};
		4C46A00120EC626E00094EA4 /* Headers */ = {
			isa = PBXGroup;
			children = (
				4C46A00220EC626E00094EA4 /* Private */,
			);
			path = Headers;
			sourceTree = "<group>";
		};
		4C46A00220EC626E00094EA4 /* Private */ = {
			isa = PBXGroup;
			children = (
				4C46A00820EC626E00094EA4 /* IRCConnectionPrivate.h */,
				4C46A00420EC626E00094EA4 /* RCMConnectionManagerProtocol.h */,
				4C46A00620EC626E00094EA4 /* RCMProcessDelegatePrivate.h */,
				4C46A00320EC626E00094EA4 /* RCMProcessMainPrivate.h */,
				4C46A00720EC626E00094EA4 /* RCMProcessPCHPrivate.h */,
				4C46A00520EC626E00094EA4 /* SwiftBridgingHeaderPrivate.h */,
			);
			path = Private;
			sourceTree = "<group>";
		};
		4C46A00920EC626E00094EA4 /* Service */ = {
			isa = PBXGroup;
			children = (
				4C46A00C20EC626E00094EA4 /* main.m */,
				4C46A00A20EC626E00094EA4 /* RCMProcessDelegate.m */,
				4C46A00B20EC626E00094EA4 /* RCMProcessMain.m */,
			);
			path = Service;
			sourceTree = "<group>";
		};
		4C46A01C20EC677B00094EA4 /* Language Files */ = {
			isa = PBXGroup;
			children = (
				4C5274DA20F7D49000B18F9D /* ConnectionErrors.strings */,
				4C36AACF20F27BDA007CA939 /* SecureTransportErrorCodes.strings */,
			);
			path = "Language Files";
			sourceTree = "<group>";
		};
		4C46A02120EC677B00094EA4 /* Property Lists */ = {
			isa = PBXGroup;
			children = (
				4C46A02220EC677B00094EA4 /* Info.plist */,
			);
			path = "Property Lists";
			sourceTree = "<group>";
		};
		4C46A02620EC67E300094EA4 /* Shared */ = {
			isa = PBXGroup;
			children = (
				4C46A05020EC67E300094EA4 /* Dialogs */,
				4C46A03520EC67E300094EA4 /* Headers */,
				4C46A05520EC67E300094EA4 /* Helpers */,
				4C46A02A20EC67E300094EA4 /* IRC */,
				4C46A02C20EC67E300094EA4 /* Library */,
			);
			name = Shared;
			path = ../../Sources/Shared;
			sourceTree = SOURCE_ROOT;
		};
		4C46A02A20EC67E300094EA4 /* IRC */ = {
			isa = PBXGroup;
			children = (
				4C46A02B20EC67E300094EA4 /* IRCConnectionConfig.m */,
				4C5274DD20F8D50C00B18F9D /* IRCConnectionErrors.m */,
			);
			path = IRC;
			sourceTree = "<group>";
		};
		4C46A02C20EC67E300094EA4 /* Library */ = {
			isa = PBXGroup;
			children = (
				4C46A02D20EC67E300094EA4 /* External Libraries */,
				4C46A03420EC67E300094EA4 /* RCMSecureTransport.m */,
				4CACDB5720F747710075AFB5 /* TLOLocalization.m */,
				4CACDB5A20F7496D0075AFB5 /* TLOLocalization.swift */,
				4C46A03220EC67E300094EA4 /* TLOTimer.m */,
			);
			path = Library;
			sourceTree = "<group>";
		};
		4C46A02D20EC67E300094EA4 /* External Libraries */ = {
			isa = PBXGroup;
			children = (
				4C46A02E20EC67E300094EA4 /* Sockets */,
			);
			path = "External Libraries";
			sourceTree = "<group>";
		};
		4C46A02E20EC67E300094EA4 /* Sockets */ = {
			isa = PBXGroup;
			children = (
				4C46A02F20EC67E300094EA4 /* GCDAsyncSocket.m */,
				4C46A03120EC67E300094EA4 /* GCDAsyncSocketExtensions.m */,
			);
			path = Sockets;
			sourceTree = "<group>";
		};
		4C46A03520EC67E300094EA4 /* Headers */ = {
			isa = PBXGroup;
			children = (
				4C46A03620EC67E300094EA4 /* External Libraries */,
				4C46A03D20EC67E300094EA4 /* Internal */,
				4C46A04320EC67E300094EA4 /* Private */,
				4C46A04C20EC67E300094EA4 /* Services */,
				4C46A03C20EC67E300094EA4 /* IRCConnectionConfig.h */,
				4C5274DF20F8D52C00B18F9D /* IRCConnectionErrors.h */,
				4C46A03920EC67E300094EA4 /* RCMSecureTransport.h */,
				4C46A04A20EC67E300094EA4 /* RCMTrustPanel.h */,
				4CACDB5920F747850075AFB5 /* TLOLocalization.h */,
				4C46A04B20EC67E300094EA4 /* TLOTimer.h */,
			);
			path = Headers;
			sourceTree = "<group>";
		};
		4C46A03620EC67E300094EA4 /* External Libraries */ = {
			isa = PBXGroup;
			children = (
				4C46A03820EC67E300094EA4 /* GCDAsyncSocket.h */,
				4C46A03720EC67E300094EA4 /* GCDAsyncSocketExtensions.h */,
			);
			path = "External Libraries";
			sourceTree = "<group>";
		};
		4C46A03D20EC67E300094EA4 /* Internal */ = {
			isa = PBXGroup;
			children = (
				4C46A03F20EC67E300094EA4 /* IRCConnectionConfigInternal.h */,
			);
			path = Internal;
			sourceTree = "<group>";
		};
		4C46A04320EC67E300094EA4 /* Private */ = {
			isa = PBXGroup;
			children = (
				4C46A04620EC67E300094EA4 /* NSObjectHelperPrivate.h */,
			);
			path = Private;
			sourceTree = "<group>";
		};
		4C46A04C20EC67E300094EA4 /* Services */ = {
			isa = PBXGroup;
			children = (
				4C46A06720EC687500094EA4 /* RCMConnectionManagerProtocol.h */,
			);
			path = Services;
			sourceTree = "<group>";
		};
		4C46A05020EC67E300094EA4 /* Dialogs */ = {
			isa = PBXGroup;
			children = (
				4C46A05120EC67E300094EA4 /* RCMTrustPanel.m */,
			);
			path = Dialogs;
			sourceTree = "<group>";
		};
		4C46A05520EC67E300094EA4 /* Helpers */ = {
			isa = PBXGroup;
			children = (
				4C46A05620EC67E300094EA4 /* Cocoa (Objective-C) */,
			);
			path = Helpers;
			sourceTree = "<group>";
		};
		4C46A05620EC67E300094EA4 /* Cocoa (Objective-C) */ = {
			isa = PBXGroup;
			children = (
				4C46A05720EC67E300094EA4 /* NSObjectHelper.m */,
			);
			path = "Cocoa (Objective-C)";
			sourceTree = "<group>";
		};
		4C8C72D31F1208F200ED72DB /* External Frameworks */ = {
			isa = PBXGroup;
			children = (
				4C8C72D21F1208F200ED72DB /* CocoaExtensions.framework */,
			);
			name = "External Frameworks";
			sourceTree = "<group>";
		};
		4C8C72D61F1208F200ED72DB /* System Frameworks */ = {
			isa = PBXGroup;
			children = (
				4CE1445520EBF641000E01C9 /* Network.framework */,
				4CAC2A071F12AFFB00D06046 /* Security.framework */,
				4CAC2A081F12AFFB00D06046 /* SecurityInterface.framework */,
				4CAC2A0B1F12B01700D06046 /* SystemConfiguration.framework */,
			);
			name = "System Frameworks";
			sourceTree = "<group>";
		};
		4C8C72D71F1208F200ED72DB /* Frameworks */ = {
			isa = PBXGroup;
			children = (
				4C8C72D31F1208F200ED72DB /* External Frameworks */,
				4C8C72D61F1208F200ED72DB /* System Frameworks */,
			);
			name = Frameworks;
			sourceTree = "<group>";
		};
		4CE143F520EBF5DB000E01C9 /* Build */ = {
			isa = PBXGroup;
			children = (
				4CE143FF20EBF5DB000E01C9 /* App Store Release */,
				4CE1440920EBF5DB000E01C9 /* Common */,
				4CE1441E20EBF5DB000E01C9 /* Debug */,
				4CE143F620EBF5DB000E01C9 /* Standard Release */,
				4CE1441520EBF5DB000E01C9 /* Standard Release Sandboxed */,
			);
			path = Build;
			sourceTree = "<group>";
		};
		4CE143F620EBF5DB000E01C9 /* Standard Release */ = {
			isa = PBXGroup;
			children = (
				4CE143FE20EBF5DB000E01C9 /* Enabled Features.xcconfig */,
				4CE143F920EBF5DB000E01C9 /* Textual.xcconfig */,
				4CE143FC20EBF5DB000E01C9 /* XPC Services.xcconfig */,
			);
			path = "Standard Release";
			sourceTree = "<group>";
		};
		4CE143FF20EBF5DB000E01C9 /* App Store Release */ = {
			isa = PBXGroup;
			children = (
				4CE1440720EBF5DB000E01C9 /* Enabled Features.xcconfig */,
				4CE1440220EBF5DB000E01C9 /* Textual.xcconfig */,
				4CE1440520EBF5DB000E01C9 /* XPC Services.xcconfig */,
			);
			path = "App Store Release";
			sourceTree = "<group>";
		};
		4CE1440920EBF5DB000E01C9 /* Common */ = {
			isa = PBXGroup;
			children = (
				4CE1441320EBF5DB000E01C9 /* Foundation Debug.xcconfig */,
				4CE1441020EBF5DB000E01C9 /* Foundation.xcconfig */,
				4CE1440D20EBF5DB000E01C9 /* Preserve Symbols.xcconfig */,
				4CE1440C20EBF5DB000E01C9 /* Textual.xcconfig */,
				4CE1441120EBF5DB000E01C9 /* XPC Services.xcconfig */,
			);
			path = Common;
			sourceTree = "<group>";
		};
		4CE1441520EBF5DB000E01C9 /* Standard Release Sandboxed */ = {
			isa = PBXGroup;
			children = (
				4CE1441D20EBF5DB000E01C9 /* Enabled Features.xcconfig */,
				4CE1441820EBF5DB000E01C9 /* Textual.xcconfig */,
				4CE1441B20EBF5DB000E01C9 /* XPC Services.xcconfig */,
			);
			path = "Standard Release Sandboxed";
			sourceTree = "<group>";
		};
		4CE1441E20EBF5DB000E01C9 /* Debug */ = {
			isa = PBXGroup;
			children = (
				4CE1442620EBF5DB000E01C9 /* Enabled Features.xcconfig */,
				4CE1442120EBF5DB000E01C9 /* Textual.xcconfig */,
				4CE1442420EBF5DB000E01C9 /* XPC Services.xcconfig */,
			);
			path = Debug;
			sourceTree = "<group>";
		};
		4CE1442720EBF5DB000E01C9 /* Sandbox */ = {
			isa = PBXGroup;
			children = (
				4CE1448220EC020A000E01C9 /* App Store.entitlements */,
				4CE1448120EC0209000E01C9 /* Release.entitlements */,
			);
			name = Sandbox;
			path = Configurations/Sandbox;
			sourceTree = SOURCE_ROOT;
		};
/* End PBXGroup section */

/* Begin PBXNativeTarget section */
		4C1406411F11942B00C73D53 /* IRC Remote Connection Manager */ = {
			isa = PBXNativeTarget;
			buildConfigurationList = 4C14064E1F11942B00C73D53 /* Build configuration list for PBXNativeTarget "IRC Remote Connection Manager" */;
			buildPhases = (
				4C46A02320EC678B00094EA4 /* Resources */,
				4C14063F1F11942B00C73D53 /* Frameworks */,
				4C14063E1F11942B00C73D53 /* Sources */,
			);
			buildRules = (
			);
			dependencies = (
			);
			name = "IRC Remote Connection Manager";
			productName = "Connection Manager";
			productReference = 4C1406421F11942B00C73D53 /* RemoteConnectionManager.xpc */;
			productType = "com.apple.product-type.xpc-service";
		};
/* End PBXNativeTarget section */

/* Begin PBXProject section */
		4C14063A1F11942B00C73D53 /* Project object */ = {
			isa = PBXProject;
			attributes = {
				LastUpgradeCheck = 1000;
				ORGANIZATIONNAME = "Codeux Software, LLC";
				TargetAttributes = {
					4C1406411F11942B00C73D53 = {
						CreatedOnToolsVersion = 8.0;
						LastSwiftMigration = 1000;
						ProvisioningStyle = Manual;
					};
				};
			};
			buildConfigurationList = 4C14063D1F11942B00C73D53 /* Build configuration list for PBXProject "IRC Remote Connection Manager" */;
			compatibilityVersion = "Xcode 8.0";
			developmentRegion = en;
			hasScannedForEncodings = 0;
			knownRegions = (
				en,
			);
			mainGroup = 4C1406391F11942B00C73D53;
			productRefGroup = 4C1406431F11942B00C73D53 /* Products */;
			projectDirPath = "";
			projectRoot = "";
			targets = (
				4C1406411F11942B00C73D53 /* IRC Remote Connection Manager */,
			);
		};
/* End PBXProject section */

/* Begin PBXResourcesBuildPhase section */
		4C46A02320EC678B00094EA4 /* Resources */ = {
			isa = PBXResourcesBuildPhase;
			buildActionMask = 2147483647;
			files = (
				4C5274DC20F7D49000B18F9D /* ConnectionErrors.strings in Resources */,
				4C36AAD120F27BDA007CA939 /* SecureTransportErrorCodes.strings in Resources */,
			);
			runOnlyForDeploymentPostprocessing = 0;
		};
/* End PBXResourcesBuildPhase section */

/* Begin PBXSourcesBuildPhase section */
		4C14063E1F11942B00C73D53 /* Sources */ = {
			isa = PBXSourcesBuildPhase;
			buildActionMask = 2147483647;
			files = (
				4C46A07320EC68C000094EA4 /* IRCConnection.swift in Sources */,
				4CACDB5820F747710075AFB5 /* TLOLocalization.m in Sources */,
				4C46A07420EC68C000094EA4 /* IRCConnectionSocket.swift in Sources */,
				4C46A07520EC68C000094EA4 /* IRCConnectionSocketClassic.swift in Sources */,
				4C46A07620EC68C000094EA4 /* IRCConnectionSocketNWF.swift in Sources */,
				4C46A06820EC68B800094EA4 /* RCMTrustPanel.m in Sources */,
				4C46A06920EC68B800094EA4 /* NSObjectHelper.m in Sources */,
				4C46A06A20EC68B800094EA4 /* IRCConnectionConfig.m in Sources */,
				4C46A06B20EC68B800094EA4 /* GCDAsyncSocket.m in Sources */,
				4C46A06C20EC68B800094EA4 /* GCDAsyncSocketExtensions.m in Sources */,
				4C5274DE20F8D50C00B18F9D /* IRCConnectionErrors.m in Sources */,
				4C46A06D20EC68B800094EA4 /* TLOTimer.m in Sources */,
				4C46A06F20EC68B800094EA4 /* RCMSecureTransport.m in Sources */,
				4CACDB5B20F7496D0075AFB5 /* TLOLocalization.swift in Sources */,
				4C46A07020EC68B800094EA4 /* main.m in Sources */,
				4C46A07120EC68B800094EA4 /* RCMProcessDelegate.m in Sources */,
				4C46A07220EC68B800094EA4 /* RCMProcessMain.m in Sources */,
			);
			runOnlyForDeploymentPostprocessing = 0;
		};
/* End PBXSourcesBuildPhase section */

/* Begin PBXVariantGroup section */
		4C36AACF20F27BDA007CA939 /* SecureTransportErrorCodes.strings */ = {
			isa = PBXVariantGroup;
			children = (
				4C36AAD020F27BDA007CA939 /* en */,
			);
			name = SecureTransportErrorCodes.strings;
			sourceTree = "<group>";
		};
		4C5274DA20F7D49000B18F9D /* ConnectionErrors.strings */ = {
			isa = PBXVariantGroup;
			children = (
				4C5274DB20F7D49000B18F9D /* en */,
			);
			name = ConnectionErrors.strings;
			sourceTree = "<group>";
		};
/* End PBXVariantGroup section */

/* Begin XCBuildConfiguration section */
		4C14064C1F11942B00C73D53 /* Debug */ = {
			isa = XCBuildConfiguration;
			baseConfigurationReference = 4CE1442420EBF5DB000E01C9 /* XPC Services.xcconfig */;
			buildSettings = {
				SWIFT_OBJC_BRIDGING_HEADER = "${PROJECT_DIR}/Classes/Headers/Private/SwiftBridgingHeaderPrivate.h";
			};
			name = Debug;
		};
		4C14064D1F11942B00C73D53 /* Release */ = {
			isa = XCBuildConfiguration;
			baseConfigurationReference = 4CE143FC20EBF5DB000E01C9 /* XPC Services.xcconfig */;
			buildSettings = {
				SWIFT_OBJC_BRIDGING_HEADER = "${PROJECT_DIR}/Classes/Headers/Private/SwiftBridgingHeaderPrivate.h";
			};
			name = Release;
		};
		4C14064F1F11942B00C73D53 /* Debug */ = {
			isa = XCBuildConfiguration;
			buildSettings = {
				ALWAYS_EMBED_SWIFT_STANDARD_LIBRARIES = YES;
				CODE_SIGN_ENTITLEMENTS = "${PROJECT_DIR}/Configurations/Sandbox/Release.entitlements";
				DEVELOPMENT_TEAM = "";
				GCC_PREFIX_HEADER = "${PROJECT_DIR}/Classes/Headers/Private/RCMProcessPCHPrivate.h";
				INFOPLIST_FILE = "Resources/Property Lists/Info.plist";
				PRODUCT_BUNDLE_IDENTIFIER = "com.codeux.app-utilities.Textual-RemoteConnectionManager";
				PRODUCT_NAME = RemoteConnectionManager;
			};
			name = Debug;
		};
		4C1406501F11942B00C73D53 /* Release */ = {
			isa = XCBuildConfiguration;
			buildSettings = {
				ALWAYS_EMBED_SWIFT_STANDARD_LIBRARIES = YES;
				CODE_SIGN_ENTITLEMENTS = "${PROJECT_DIR}/Configurations/Sandbox/Release.entitlements";
				DEVELOPMENT_TEAM = "";
				GCC_PREFIX_HEADER = "${PROJECT_DIR}/Classes/Headers/Private/RCMProcessPCHPrivate.h";
				INFOPLIST_FILE = "Resources/Property Lists/Info.plist";
				PRODUCT_BUNDLE_IDENTIFIER = "com.codeux.app-utilities.Textual-RemoteConnectionManager";
				PRODUCT_NAME = RemoteConnectionManager;
			};
			name = Release;
		};
		4C1406641F11965A00C73D53 /* Release (App Store) */ = {
			isa = XCBuildConfiguration;
			baseConfigurationReference = 4CE1440520EBF5DB000E01C9 /* XPC Services.xcconfig */;
			buildSettings = {
				SWIFT_OBJC_BRIDGING_HEADER = "${PROJECT_DIR}/Classes/Headers/Private/SwiftBridgingHeaderPrivate.h";
			};
			name = "Release (App Store)";
		};
		4C1406651F11965A00C73D53 /* Release (App Store) */ = {
			isa = XCBuildConfiguration;
			buildSettings = {
				ALWAYS_EMBED_SWIFT_STANDARD_LIBRARIES = YES;
				CODE_SIGN_ENTITLEMENTS = "${PROJECT_DIR}/Configurations/Sandbox/App Store.entitlements";
				DEVELOPMENT_TEAM = "";
				GCC_PREFIX_HEADER = "${PROJECT_DIR}/Classes/Headers/Private/RCMProcessPCHPrivate.h";
				INFOPLIST_FILE = "Resources/Property Lists/Info.plist";
				PRODUCT_BUNDLE_IDENTIFIER = "com.codeux.app-utilities.Textual-RemoteConnectionManager";
				PRODUCT_NAME = RemoteConnectionManager;
			};
			name = "Release (App Store)";
		};
/* End XCBuildConfiguration section */

/* Begin XCConfigurationList section */
		4C14063D1F11942B00C73D53 /* Build configuration list for PBXProject "IRC Remote Connection Manager" */ = {
			isa = XCConfigurationList;
			buildConfigurations = (
				4C14064C1F11942B00C73D53 /* Debug */,
				4C14064D1F11942B00C73D53 /* Release */,
				4C1406641F11965A00C73D53 /* Release (App Store) */,
			);
			defaultConfigurationIsVisible = 0;
			defaultConfigurationName = Release;
		};
		4C14064E1F11942B00C73D53 /* Build configuration list for PBXNativeTarget "IRC Remote Connection Manager" */ = {
			isa = XCConfigurationList;
			buildConfigurations = (
				4C14064F1F11942B00C73D53 /* Debug */,
				4C1406501F11942B00C73D53 /* Release */,
				4C1406651F11965A00C73D53 /* Release (App Store) */,
			);
			defaultConfigurationIsVisible = 0;
			defaultConfigurationName = Release;
		};
/* End XCConfigurationList section */
	};
	rootObject = 4C14063A1F11942B00C73D53 /* Project object */;
}
