// !$*UTF8*$!
{
	archiveVersion = 1;
	classes = {
	};
	objectVersion = 46;
	objects = {

/* Begin PBXBuildFile section */
		4C442CB61E13B5FC00B187F4 /* HLSHistoricLogProcessMain.m in Sources */ = {isa = PBXBuildFile; fileRef = 4C442CB31E13B5FC00B187F4 /* HLSHistoricLogProcessMain.m */; };
		4C442CB71E13B5FC00B187F4 /* main.m in Sources */ = {isa = PBXBuildFile; fileRef = 4C442CB51E13B5FC00B187F4 /* main.m */; };
		4C58C6D81E15374700934680 /* CocoaExtensions.framework in Frameworks */ = {isa = PBXBuildFile; fileRef = 4C58C6D71E15374700934680 /* CocoaExtensions.framework */; };
		4C58C6E01E15427F00934680 /* Foundation.framework in Frameworks */ = {isa = PBXBuildFile; fileRef = 4C58C6DF1E15427F00934680 /* Foundation.framework */; };
		4C58C6E21E15428300934680 /* CoreData.framework in Frameworks */ = {isa = PBXBuildFile; fileRef = 4C58C6E11E15428300934680 /* CoreData.framework */; };
		4C8C72D01F1208BF00ED72DB /* TVCLogLineXPC.m in Sources */ = {isa = PBXBuildFile; fileRef = 4C8C72CF1F1208BF00ED72DB /* TVCLogLineXPC.m */; };
		4C9215EF1E3E7D8B0029E369 /* HLSHistoricLogViewContext.m in Sources */ = {isa = PBXBuildFile; fileRef = 4C9215EE1E3E7D8B0029E369 /* HLSHistoricLogViewContext.m */; };
		4CB0FB301E13CFF6001E2E3B /* HSLHistoricLogProcessDelegate.m in Sources */ = {isa = PBXBuildFile; fileRef = 4CB0FB2F1E13CFF6001E2E3B /* HSLHistoricLogProcessDelegate.m */; };
		4CD5D09120C72BB1008ADBA4 /* HistoricLogFileStorageModel.xcdatamodeld in Sources */ = {isa = PBXBuildFile; fileRef = 4C6EF2E61F44330F00A80A7B /* HistoricLogFileStorageModel.xcdatamodeld */; };
		4CD92F591F542B4700F78EA6 /* HistoricLogFileStorageModel.xcmappingmodel in Sources */ = {isa = PBXBuildFile; fileRef = 4CD92F581F542B4700F78EA6 /* HistoricLogFileStorageModel.xcmappingmodel */; };
		4CD92F5D1F542CF700F78EA6 /* HLSHistoricLogLineEntityMigration.m in Sources */ = {isa = PBXBuildFile; fileRef = 4CD92F5C1F542CF700F78EA6 /* HLSHistoricLogLineEntityMigration.m */; };
/* End PBXBuildFile section */

/* Begin PBXFileReference section */
		4C03B5511FA6385E00748FE7 /* XPC Services.xcconfig */ = {isa = PBXFileReference; lastKnownFileType = text.xcconfig; name = "XPC Services.xcconfig"; path = "../../Resources/Build Configurations/Standard Release/XPC Services.xcconfig"; sourceTree = "<group>"; };
		4C03B5521FA6385E00748FE7 /* XPC Services.xcconfig */ = {isa = PBXFileReference; lastKnownFileType = text.xcconfig; name = "XPC Services.xcconfig"; path = "../../Resources/Build Configurations/Debug/XPC Services.xcconfig"; sourceTree = "<group>"; };
		4C03B5531FA6385E00748FE7 /* XPC Services.xcconfig */ = {isa = PBXFileReference; lastKnownFileType = text.xcconfig; name = "XPC Services.xcconfig"; path = "../../Resources/Build Configurations/App Store Release/XPC Services.xcconfig"; sourceTree = "<group>"; };
		4C442C881E13B3D200B187F4 /* HistoricLogFileManager.xpc */ = {isa = PBXFileReference; explicitFileType = "wrapper.xpc-service"; includeInIndex = 0; path = HistoricLogFileManager.xpc; sourceTree = BUILT_PRODUCTS_DIR; };
		4C442CB11E13B5F000B187F4 /* Info.plist */ = {isa = PBXFileReference; lastKnownFileType = text.plist.xml; name = Info.plist; path = Resources/Info.plist; sourceTree = "<group>"; };
		4C442CB31E13B5FC00B187F4 /* HLSHistoricLogProcessMain.m */ = {isa = PBXFileReference; fileEncoding = 4; lastKnownFileType = sourcecode.c.objc; name = HLSHistoricLogProcessMain.m; path = Classes/HLSHistoricLogProcessMain.m; sourceTree = SOURCE_ROOT; };
		4C442CB51E13B5FC00B187F4 /* main.m */ = {isa = PBXFileReference; fileEncoding = 4; lastKnownFileType = sourcecode.c.objc; name = main.m; path = Classes/main.m; sourceTree = SOURCE_ROOT; };
		4C58C6D71E15374700934680 /* CocoaExtensions.framework */ = {isa = PBXFileReference; lastKnownFileType = wrapper.framework; name = CocoaExtensions.framework; path = "../../.tmp/SharedBuildResults-Frameworks/CocoaExtensions.framework"; sourceTree = "<group>"; };
		4C58C6DF1E15427F00934680 /* Foundation.framework */ = {isa = PBXFileReference; lastKnownFileType = wrapper.framework; name = Foundation.framework; path = System/Library/Frameworks/Foundation.framework; sourceTree = SDKROOT; };
		4C58C6E11E15428300934680 /* CoreData.framework */ = {isa = PBXFileReference; lastKnownFileType = wrapper.framework; name = CoreData.framework; path = System/Library/Frameworks/CoreData.framework; sourceTree = SDKROOT; };
		4C5BB6A11F538E9700ED49BA /* LogControllerStorageModel (model 3).xcdatamodel */ = {isa = PBXFileReference; lastKnownFileType = wrapper.xcdatamodel; path = "LogControllerStorageModel (model 3).xcdatamodel"; sourceTree = "<group>"; };
		4C6EF2E71F44330F00A80A7B /* LogControllerStorageModel (model 2).xcdatamodel */ = {isa = PBXFileReference; lastKnownFileType = wrapper.xcdatamodel; path = "LogControllerStorageModel (model 2).xcdatamodel"; sourceTree = "<group>"; };
		4C761BEF1E15754100A505B7 /* HistoricLogFileManager.entitlements */ = {isa = PBXFileReference; lastKnownFileType = text.plist.entitlements; name = HistoricLogFileManager.entitlements; path = Resources/Sandbox/Entitlements/HistoricLogFileManager.entitlements; sourceTree = "<group>"; };
		4C761BF01E15754E00A505B7 /* HistoricLogFileManagerAppStore.entitlements */ = {isa = PBXFileReference; lastKnownFileType = text.plist.entitlements; name = HistoricLogFileManagerAppStore.entitlements; path = Resources/Sandbox/Entitlements/HistoricLogFileManagerAppStore.entitlements; sourceTree = "<group>"; };
		4C8C72CB1F12088C00ED72DB /* HLSHistoricLogProtocol.h */ = {isa = PBXFileReference; fileEncoding = 4; lastKnownFileType = sourcecode.c.h; name = HLSHistoricLogProtocol.h; path = "../../Classes (Shared)/Headers/XPC Protocols/HLSHistoricLogProtocol.h"; sourceTree = "<group>"; };
		4C8C72CD1F1208A800ED72DB /* TVCLogLineXPCPrivate.h */ = {isa = PBXFileReference; lastKnownFileType = sourcecode.c.h; name = TVCLogLineXPCPrivate.h; path = "../../Classes (Shared)/Headers/Private/TVCLogLineXPCPrivate.h"; sourceTree = "<group>"; };
		4C8C72CF1F1208BF00ED72DB /* TVCLogLineXPC.m */ = {isa = PBXFileReference; fileEncoding = 4; lastKnownFileType = sourcecode.c.objc; name = TVCLogLineXPC.m; path = "../../Classes (Shared)/Views/Channel View/TVCLogLineXPC.m"; sourceTree = "<group>"; };
		4C8C72DB1F12099800ED72DB /* HLSHistoricLogViewContextPrivate.h */ = {isa = PBXFileReference; lastKnownFileType = sourcecode.c.h; name = HLSHistoricLogViewContextPrivate.h; path = Classes/Headers/Private/HLSHistoricLogViewContextPrivate.h; sourceTree = SOURCE_ROOT; };
		4C8C72DC1F12099800ED72DB /* HLSHistoricLogProcessMainPrivate.h */ = {isa = PBXFileReference; lastKnownFileType = sourcecode.c.h; name = HLSHistoricLogProcessMainPrivate.h; path = Classes/Headers/Private/HLSHistoricLogProcessMainPrivate.h; sourceTree = SOURCE_ROOT; };
		4C8C72DD1F12099800ED72DB /* HSLHistoricLogPCHPrivate.h */ = {isa = PBXFileReference; lastKnownFileType = sourcecode.c.h; name = HSLHistoricLogPCHPrivate.h; path = Classes/Headers/Private/HSLHistoricLogPCHPrivate.h; sourceTree = SOURCE_ROOT; };
		4C8C72DE1F12099800ED72DB /* HSLHistoricLogProcessDelegatePrivate.h */ = {isa = PBXFileReference; lastKnownFileType = sourcecode.c.h; name = HSLHistoricLogProcessDelegatePrivate.h; path = Classes/Headers/Private/HSLHistoricLogProcessDelegatePrivate.h; sourceTree = SOURCE_ROOT; };
		4C9215EE1E3E7D8B0029E369 /* HLSHistoricLogViewContext.m */ = {isa = PBXFileReference; fileEncoding = 4; lastKnownFileType = sourcecode.c.objc; name = HLSHistoricLogViewContext.m; path = Classes/HLSHistoricLogViewContext.m; sourceTree = SOURCE_ROOT; };
		4CB0FB2F1E13CFF6001E2E3B /* HSLHistoricLogProcessDelegate.m */ = {isa = PBXFileReference; fileEncoding = 4; lastKnownFileType = sourcecode.c.objc; name = HSLHistoricLogProcessDelegate.m; path = Classes/HSLHistoricLogProcessDelegate.m; sourceTree = SOURCE_ROOT; };
		4CD92F581F542B4700F78EA6 /* HistoricLogFileStorageModel.xcmappingmodel */ = {isa = PBXFileReference; lastKnownFileType = wrapper.xcmappingmodel; name = HistoricLogFileStorageModel.xcmappingmodel; path = "Resources/Data Models/HistoricLogFileStorageModel.xcmappingmodel"; sourceTree = "<group>"; };
		4CD92F5A1F542CBF00F78EA6 /* HLSHistoricLogLineEntityMigrationPrivate.h */ = {isa = PBXFileReference; lastKnownFileType = sourcecode.c.h; name = HLSHistoricLogLineEntityMigrationPrivate.h; path = Classes/Headers/Private/HLSHistoricLogLineEntityMigrationPrivate.h; sourceTree = "<group>"; };
		4CD92F5C1F542CF700F78EA6 /* HLSHistoricLogLineEntityMigration.m */ = {isa = PBXFileReference; lastKnownFileType = sourcecode.c.objc; name = HLSHistoricLogLineEntityMigration.m; path = Classes/HLSHistoricLogLineEntityMigration.m; sourceTree = "<group>"; };
/* End PBXFileReference section */

/* Begin PBXFrameworksBuildPhase section */
		4C442C851E13B3D200B187F4 /* Frameworks */ = {
			isa = PBXFrameworksBuildPhase;
			buildActionMask = 2147483647;
			files = (
				4C58C6E21E15428300934680 /* CoreData.framework in Frameworks */,
				4C58C6E01E15427F00934680 /* Foundation.framework in Frameworks */,
				4C58C6D81E15374700934680 /* CocoaExtensions.framework in Frameworks */,
			);
			runOnlyForDeploymentPostprocessing = 0;
		};
/* End PBXFrameworksBuildPhase section */

/* Begin PBXGroup section */
		4C442C7F1E13B3D200B187F4 = {
			isa = PBXGroup;
			children = (
				4C442C8A1E13B3D200B187F4 /* Source Code */,
				4C442CA81E13B42900B187F4 /* Resources */,
				4C442CBE1E13B77200B187F4 /* Frameworks */,
				4C442C891E13B3D200B187F4 /* Products */,
			);
			sourceTree = "<group>";
		};
		4C442C891E13B3D200B187F4 /* Products */ = {
			isa = PBXGroup;
			children = (
				4C442C881E13B3D200B187F4 /* HistoricLogFileManager.xpc */,
			);
			name = Products;
			sourceTree = "<group>";
		};
		4C442C8A1E13B3D200B187F4 /* Source Code */ = {
			isa = PBXGroup;
			children = (
				4C8C72C81F12085600ED72DB /* Headers */,
				4CD92F5C1F542CF700F78EA6 /* HLSHistoricLogLineEntityMigration.m */,
				4C442CB31E13B5FC00B187F4 /* HLSHistoricLogProcessMain.m */,
				4C9215EE1E3E7D8B0029E369 /* HLSHistoricLogViewContext.m */,
				4CB0FB2F1E13CFF6001E2E3B /* HSLHistoricLogProcessDelegate.m */,
				4C442CB51E13B5FC00B187F4 /* main.m */,
				4CB0FB181E13CA22001E2E3B /* Shared */,
			);
			name = "Source Code";
			sourceTree = "<group>";
		};
		4C442CA81E13B42900B187F4 /* Resources */ = {
			isa = PBXGroup;
			children = (
				4C761BE21E1565D800A505B7 /* Build Settings */,
				4C58C6D91E153A6B00934680 /* Data Models */,
				4C442CB01E13B56A00B187F4 /* Property Lists */,
			);
			name = Resources;
			sourceTree = "<group>";
		};
		4C442CAF1E13B55900B187F4 /* Configurations */ = {
			isa = PBXGroup;
			children = (
				4C03B5531FA6385E00748FE7 /* XPC Services.xcconfig */,
				4C03B5521FA6385E00748FE7 /* XPC Services.xcconfig */,
				4C03B5511FA6385E00748FE7 /* XPC Services.xcconfig */,
			);
			name = Configurations;
			sourceTree = "<group>";
		};
		4C442CB01E13B56A00B187F4 /* Property Lists */ = {
			isa = PBXGroup;
			children = (
				4C442CB11E13B5F000B187F4 /* Info.plist */,
			);
			name = "Property Lists";
			sourceTree = "<group>";
		};
		4C442CBE1E13B77200B187F4 /* Frameworks */ = {
			isa = PBXGroup;
			children = (
				4C58C6D61E15372B00934680 /* External Frameworks */,
				4C560E291E1558BA00D3ACB9 /* System Frameworks */,
			);
			name = Frameworks;
			sourceTree = "<group>";
		};
		4C560E291E1558BA00D3ACB9 /* System Frameworks */ = {
			isa = PBXGroup;
			children = (
				4C58C6E11E15428300934680 /* CoreData.framework */,
				4C58C6DF1E15427F00934680 /* Foundation.framework */,
			);
			name = "System Frameworks";
			sourceTree = "<group>";
		};
		4C58C6D61E15372B00934680 /* External Frameworks */ = {
			isa = PBXGroup;
			children = (
				4C58C6D71E15374700934680 /* CocoaExtensions.framework */,
			);
			name = "External Frameworks";
			sourceTree = "<group>";
		};
		4C58C6D91E153A6B00934680 /* Data Models */ = {
			isa = PBXGroup;
			children = (
				4C6EF2E61F44330F00A80A7B /* HistoricLogFileStorageModel.xcdatamodeld */,
				4CD92F581F542B4700F78EA6 /* HistoricLogFileStorageModel.xcmappingmodel */,
			);
			name = "Data Models";
			sourceTree = "<group>";
		};
		4C761BE11E1565D000A505B7 /* Entitlements */ = {
			isa = PBXGroup;
			children = (
				4C761BF01E15754E00A505B7 /* HistoricLogFileManagerAppStore.entitlements */,
				4C761BEF1E15754100A505B7 /* HistoricLogFileManager.entitlements */,
			);
			name = Entitlements;
			sourceTree = "<group>";
		};
		4C761BE21E1565D800A505B7 /* Build Settings */ = {
			isa = PBXGroup;
			children = (
				4C442CAF1E13B55900B187F4 /* Configurations */,
				4C761BE11E1565D000A505B7 /* Entitlements */,
			);
			name = "Build Settings";
			sourceTree = "<group>";
		};
		4C8C72C71F12068E00ED72DB /* Private */ = {
			isa = PBXGroup;
			children = (
				4CD92F5A1F542CBF00F78EA6 /* HLSHistoricLogLineEntityMigrationPrivate.h */,
				4C8C72DB1F12099800ED72DB /* HLSHistoricLogViewContextPrivate.h */,
				4C8C72DC1F12099800ED72DB /* HLSHistoricLogProcessMainPrivate.h */,
				4C8C72DD1F12099800ED72DB /* HSLHistoricLogPCHPrivate.h */,
				4C8C72DE1F12099800ED72DB /* HSLHistoricLogProcessDelegatePrivate.h */,
			);
			name = Private;
			sourceTree = "<group>";
		};
		4C8C72C81F12085600ED72DB /* Headers */ = {
			isa = PBXGroup;
			children = (
				4C8C72C71F12068E00ED72DB /* Private */,
			);
			name = Headers;
			sourceTree = "<group>";
		};
		4C8C72C91F12088C00ED72DB /* XPC Protocols */ = {
			isa = PBXGroup;
			children = (
				4C8C72CB1F12088C00ED72DB /* HLSHistoricLogProtocol.h */,
			);
			name = "XPC Protocols";
			sourceTree = "<group>";
		};
		4C8C72CE1F1208AB00ED72DB /* Private */ = {
			isa = PBXGroup;
			children = (
				4C8C72CD1F1208A800ED72DB /* TVCLogLineXPCPrivate.h */,
			);
			name = Private;
			sourceTree = "<group>";
		};
		4C8C72D11F1208C700ED72DB /* Channel View */ = {
			isa = PBXGroup;
			children = (
				4C8C72CF1F1208BF00ED72DB /* TVCLogLineXPC.m */,
			);
			name = "Channel View";
			sourceTree = "<group>";
		};
		4CB0FB181E13CA22001E2E3B /* Shared */ = {
			isa = PBXGroup;
			children = (
				4CB0FB191E13CA22001E2E3B /* Headers */,
				4CB0FB1C1E13CA22001E2E3B /* Views */,
			);
			name = Shared;
			sourceTree = "<group>";
		};
		4CB0FB191E13CA22001E2E3B /* Headers */ = {
			isa = PBXGroup;
			children = (
				4C8C72CE1F1208AB00ED72DB /* Private */,
				4C8C72C91F12088C00ED72DB /* XPC Protocols */,
			);
			name = Headers;
			sourceTree = "<group>";
		};
		4CB0FB1C1E13CA22001E2E3B /* Views */ = {
			isa = PBXGroup;
			children = (
				4C8C72D11F1208C700ED72DB /* Channel View */,
			);
			name = Views;
			sourceTree = "<group>";
		};
/* End PBXGroup section */

/* Begin PBXNativeTarget section */
		4C442C871E13B3D200B187F4 /* Historic Log File Manager */ = {
			isa = PBXNativeTarget;
			buildConfigurationList = 4C442C941E13B3D200B187F4 /* Build configuration list for PBXNativeTarget "Historic Log File Manager" */;
			buildPhases = (
				4C442C841E13B3D200B187F4 /* Sources */,
				4C442C851E13B3D200B187F4 /* Frameworks */,
				4C442C861E13B3D200B187F4 /* Resources */,
			);
			buildRules = (
			);
			dependencies = (
			);
			name = "Historic Log File Manager";
			productName = "Historic Log File Manager";
			productReference = 4C442C881E13B3D200B187F4 /* HistoricLogFileManager.xpc */;
			productType = "com.apple.product-type.xpc-service";
		};
/* End PBXNativeTarget section */

/* Begin PBXProject section */
		4C442C801E13B3D200B187F4 /* Project object */ = {
			isa = PBXProject;
			attributes = {
				LastUpgradeCheck = 0940;
				ORGANIZATIONNAME = "Codeux Software, LLC";
				TargetAttributes = {
					4C442C871E13B3D200B187F4 = {
						CreatedOnToolsVersion = 8.0;
						ProvisioningStyle = Manual;
					};
				};
			};
			buildConfigurationList = 4C442C831E13B3D200B187F4 /* Build configuration list for PBXProject "Historic Log File Manager" */;
			compatibilityVersion = "Xcode 3.2";
			developmentRegion = English;
			hasScannedForEncodings = 0;
			knownRegions = (
				en,
			);
			mainGroup = 4C442C7F1E13B3D200B187F4;
			productRefGroup = 4C442C891E13B3D200B187F4 /* Products */;
			projectDirPath = "";
			projectRoot = "";
			targets = (
				4C442C871E13B3D200B187F4 /* Historic Log File Manager */,
			);
		};
/* End PBXProject section */

/* Begin PBXResourcesBuildPhase section */
		4C442C861E13B3D200B187F4 /* Resources */ = {
			isa = PBXResourcesBuildPhase;
			buildActionMask = 2147483647;
			files = (
			);
			runOnlyForDeploymentPostprocessing = 0;
		};
/* End PBXResourcesBuildPhase section */

/* Begin PBXSourcesBuildPhase section */
		4C442C841E13B3D200B187F4 /* Sources */ = {
			isa = PBXSourcesBuildPhase;
			buildActionMask = 2147483647;
			files = (
				4C442CB71E13B5FC00B187F4 /* main.m in Sources */,
				4CD92F5D1F542CF700F78EA6 /* HLSHistoricLogLineEntityMigration.m in Sources */,
				4C8C72D01F1208BF00ED72DB /* TVCLogLineXPC.m in Sources */,
				4CB0FB301E13CFF6001E2E3B /* HSLHistoricLogProcessDelegate.m in Sources */,
				4CD5D09120C72BB1008ADBA4 /* HistoricLogFileStorageModel.xcdatamodeld in Sources */,
				4CD92F591F542B4700F78EA6 /* HistoricLogFileStorageModel.xcmappingmodel in Sources */,
				4C442CB61E13B5FC00B187F4 /* HLSHistoricLogProcessMain.m in Sources */,
				4C9215EF1E3E7D8B0029E369 /* HLSHistoricLogViewContext.m in Sources */,
			);
			runOnlyForDeploymentPostprocessing = 0;
		};
/* End PBXSourcesBuildPhase section */

/* Begin XCBuildConfiguration section */
		4C442C921E13B3D200B187F4 /* Debug */ = {
			isa = XCBuildConfiguration;
			baseConfigurationReference = 4C03B5521FA6385E00748FE7 /* XPC Services.xcconfig */;
			buildSettings = {
				GCC_PREFIX_HEADER = "${SRCROOT}/Classes/Headers/Private/HSLHistoricLogPCHPrivate.h";
			};
			name = Debug;
		};
		4C442C931E13B3D200B187F4 /* Release */ = {
			isa = XCBuildConfiguration;
			baseConfigurationReference = 4C03B5511FA6385E00748FE7 /* XPC Services.xcconfig */;
			buildSettings = {
				GCC_PREFIX_HEADER = "${SRCROOT}/Classes/Headers/Private/HSLHistoricLogPCHPrivate.h";
			};
			name = Release;
		};
		4C442C951E13B3D200B187F4 /* Debug */ = {
			isa = XCBuildConfiguration;
			buildSettings = {
				CODE_SIGN_ENTITLEMENTS = "${SRCROOT}/Resources/Sandbox/Entitlements/HistoricLogFileManager.entitlements";
				CODE_SIGN_STYLE = Manual;
				COMBINE_HIDPI_IMAGES = YES;
				DEVELOPMENT_TEAM = "";
				INFOPLIST_FILE = Resources/Info.plist;
				PRODUCT_BUNDLE_IDENTIFIER = "com.codeux.app-utilities.Textual-HistoricLogFileManager";
				PRODUCT_NAME = HistoricLogFileManager;
			};
			name = Debug;
		};
		4C442C961E13B3D200B187F4 /* Release */ = {
			isa = XCBuildConfiguration;
			buildSettings = {
				CODE_SIGN_ENTITLEMENTS = "${SRCROOT}/Resources/Sandbox/Entitlements/HistoricLogFileManager.entitlements";
				CODE_SIGN_STYLE = Manual;
				COMBINE_HIDPI_IMAGES = YES;
				DEVELOPMENT_TEAM = "";
				INFOPLIST_FILE = Resources/Info.plist;
				PRODUCT_BUNDLE_IDENTIFIER = "com.codeux.app-utilities.Textual-HistoricLogFileManager";
				PRODUCT_NAME = HistoricLogFileManager;
			};
			name = Release;
		};
		4C761BED1E15751C00A505B7 /* Release (App Store) */ = {
			isa = XCBuildConfiguration;
			baseConfigurationReference = 4C03B5531FA6385E00748FE7 /* XPC Services.xcconfig */;
			buildSettings = {
				GCC_PREFIX_HEADER = "${SRCROOT}/Classes/Headers/Private/HSLHistoricLogPCHPrivate.h";
			};
			name = "Release (App Store)";
		};
		4C761BEE1E15751C00A505B7 /* Release (App Store) */ = {
			isa = XCBuildConfiguration;
			buildSettings = {
				CODE_SIGN_ENTITLEMENTS = "${SRCROOT}/Resources/Sandbox/Entitlements/HistoricLogFileManagerAppStore.entitlements";
				CODE_SIGN_STYLE = Manual;
				COMBINE_HIDPI_IMAGES = YES;
				DEVELOPMENT_TEAM = "";
				INFOPLIST_FILE = Resources/Info.plist;
				PRODUCT_BUNDLE_IDENTIFIER = "com.codeux.app-utilities.Textual-HistoricLogFileManager";
				PRODUCT_NAME = HistoricLogFileManager;
			};
			name = "Release (App Store)";
		};
/* End XCBuildConfiguration section */

/* Begin XCConfigurationList section */
		4C442C831E13B3D200B187F4 /* Build configuration list for PBXProject "Historic Log File Manager" */ = {
			isa = XCConfigurationList;
			buildConfigurations = (
				4C442C921E13B3D200B187F4 /* Debug */,
				4C442C931E13B3D200B187F4 /* Release */,
				4C761BED1E15751C00A505B7 /* Release (App Store) */,
			);
			defaultConfigurationIsVisible = 0;
			defaultConfigurationName = Release;
		};
		4C442C941E13B3D200B187F4 /* Build configuration list for PBXNativeTarget "Historic Log File Manager" */ = {
			isa = XCConfigurationList;
			buildConfigurations = (
				4C442C951E13B3D200B187F4 /* Debug */,
				4C442C961E13B3D200B187F4 /* Release */,
				4C761BEE1E15751C00A505B7 /* Release (App Store) */,
			);
			defaultConfigurationIsVisible = 0;
			defaultConfigurationName = Release;
		};
/* End XCConfigurationList section */

/* Begin XCVersionGroup section */
		4C6EF2E61F44330F00A80A7B /* HistoricLogFileStorageModel.xcdatamodeld */ = {
			isa = XCVersionGroup;
			children = (
				4C5BB6A11F538E9700ED49BA /* LogControllerStorageModel (model 3).xcdatamodel */,
				4C6EF2E71F44330F00A80A7B /* LogControllerStorageModel (model 2).xcdatamodel */,
			);
			currentVersion = 4C5BB6A11F538E9700ED49BA /* LogControllerStorageModel (model 3).xcdatamodel */;
			name = HistoricLogFileStorageModel.xcdatamodeld;
			path = "Resources/Data Models/HistoricLogFileStorageModel.xcdatamodeld";
			sourceTree = "<group>";
			versionGroupType = wrapper.xcdatamodel;
		};
/* End XCVersionGroup section */
	};
	rootObject = 4C442C801E13B3D200B187F4 /* Project object */;
}
