// !$*UTF8*$!
{
	archiveVersion = 1;
	classes = {
	};
	objectVersion = 46;
	objects = {

/* Begin PBXBuildFile section */
		4C06DE7A20EC45D10055D09A /* IOKit.framework in Frameworks */ = {isa = PBXBuildFile; fileRef = 4C06DE7920EC45D10055D09A /* IOKit.framework */; };
		4C46A08920EC6ABD00094EA4 /* MacintoshModels.plist in Resources */ = {isa = PBXBuildFile; fileRef = 4C46A08220EC6ABD00094EA4 /* MacintoshModels.plist */; };
		4C46A08B20EC6ABD00094EA4 /* TPISystemProfiler.xib in Resources */ = {isa = PBXBuildFile; fileRef = 4C46A08520EC6ABD00094EA4 /* TPISystemProfiler.xib */; };
		4C46A08C20EC6ABD00094EA4 /* BasicLanguage.strings in Resources */ = {isa = PBXBuildFile; fileRef = 4C46A08820EC6ABD00094EA4 /* BasicLanguage.strings */; };
		4C46A09520EC6AD700094EA4 /* TPI_SP_SysInfo.m in Sources */ = {isa = PBXBuildFile; fileRef = 4C46A08F20EC6AD700094EA4 /* TPI_SP_SysInfo.m */; };
		4C46A09620EC6AD700094EA4 /* TPISystemProfilerModelIDRequestController.m in Sources */ = {isa = PBXBuildFile; fileRef = 4C46A09020EC6AD700094EA4 /* TPISystemProfilerModelIDRequestController.m */; };
		4C46A09720EC6AD700094EA4 /* TPISystemProfiler.m in Sources */ = {isa = PBXBuildFile; fileRef = 4C46A09120EC6AD700094EA4 /* TPISystemProfiler.m */; };
/* End PBXBuildFile section */

/* Begin PBXFileReference section */
		4C06DE7920EC45D10055D09A /* IOKit.framework */ = {isa = PBXFileReference; lastKnownFileType = wrapper.framework; name = IOKit.framework; path = System/Library/Frameworks/IOKit.framework; sourceTree = SDKROOT; };
		4C46A08220EC6ABD00094EA4 /* MacintoshModels.plist */ = {isa = PBXFileReference; fileEncoding = 4; lastKnownFileType = text.plist.xml; path = MacintoshModels.plist; sourceTree = "<group>"; };
		4C46A08320EC6ABD00094EA4 /* Info.plist */ = {isa = PBXFileReference; fileEncoding = 4; lastKnownFileType = text.plist.xml; path = Info.plist; sourceTree = "<group>"; };
		4C46A08620EC6ABD00094EA4 /* English */ = {isa = PBXFileReference; lastKnownFileType = file.xib; name = English; path = English.lproj/TPISystemProfiler.xib; sourceTree = "<group>"; };
		4C46A08820EC6ABD00094EA4 /* BasicLanguage.strings */ = {isa = PBXFileReference; fileEncoding = 4; lastKnownFileType = text.plist.strings; path = BasicLanguage.strings; sourceTree = "<group>"; };
		4C46A08E20EC6AD700094EA4 /* TPISystemProfiler.h */ = {isa = PBXFileReference; fileEncoding = 4; lastKnownFileType = sourcecode.c.h; path = TPISystemProfiler.h; sourceTree = "<group>"; };
		4C46A08F20EC6AD700094EA4 /* TPI_SP_SysInfo.m */ = {isa = PBXFileReference; fileEncoding = 4; lastKnownFileType = sourcecode.c.objc; path = TPI_SP_SysInfo.m; sourceTree = "<group>"; };
		4C46A09020EC6AD700094EA4 /* TPISystemProfilerModelIDRequestController.m */ = {isa = PBXFileReference; fileEncoding = 4; lastKnownFileType = sourcecode.c.objc; path = TPISystemProfilerModelIDRequestController.m; sourceTree = "<group>"; };
		4C46A09120EC6AD700094EA4 /* TPISystemProfiler.m */ = {isa = PBXFileReference; fileEncoding = 4; lastKnownFileType = sourcecode.c.objc; path = TPISystemProfiler.m; sourceTree = "<group>"; };
		4C46A09220EC6AD700094EA4 /* SystemProfiler.h */ = {isa = PBXFileReference; fileEncoding = 4; lastKnownFileType = sourcecode.c.h; path = SystemProfiler.h; sourceTree = "<group>"; };
		4C46A09320EC6AD700094EA4 /* TPISystemProfilerModelIDRequestController.h */ = {isa = PBXFileReference; fileEncoding = 4; lastKnownFileType = sourcecode.c.h; path = TPISystemProfilerModelIDRequestController.h; sourceTree = "<group>"; };
		4C46A09420EC6AD700094EA4 /* TPI_SP_SysInfo.h */ = {isa = PBXFileReference; fileEncoding = 4; lastKnownFileType = sourcecode.c.h; path = TPI_SP_SysInfo.h; sourceTree = "<group>"; };
		4CE1439920EBF551000E01C9 /* Textual.xcconfig */ = {isa = PBXFileReference; fileEncoding = 4; lastKnownFileType = text.xcconfig; path = Textual.xcconfig; sourceTree = "<group>"; };
		4CE1439A20EBF551000E01C9 /* Textual Extensions.xcconfig */ = {isa = PBXFileReference; fileEncoding = 4; lastKnownFileType = text.xcconfig; path = "Textual Extensions.xcconfig"; sourceTree = "<group>"; };
		4CE1439E20EBF551000E01C9 /* Enabled Features.xcconfig */ = {isa = PBXFileReference; fileEncoding = 4; lastKnownFileType = text.xcconfig; path = "Enabled Features.xcconfig"; sourceTree = "<group>"; };
		4CE143A220EBF551000E01C9 /* Textual.xcconfig */ = {isa = PBXFileReference; fileEncoding = 4; lastKnownFileType = text.xcconfig; path = Textual.xcconfig; sourceTree = "<group>"; };
		4CE143A320EBF551000E01C9 /* Textual Extensions.xcconfig */ = {isa = PBXFileReference; fileEncoding = 4; lastKnownFileType = text.xcconfig; path = "Textual Extensions.xcconfig"; sourceTree = "<group>"; };
		4CE143A720EBF551000E01C9 /* Enabled Features.xcconfig */ = {isa = PBXFileReference; fileEncoding = 4; lastKnownFileType = text.xcconfig; path = "Enabled Features.xcconfig"; sourceTree = "<group>"; };
		4CE143AC20EBF551000E01C9 /* Textual.xcconfig */ = {isa = PBXFileReference; fileEncoding = 4; lastKnownFileType = text.xcconfig; path = Textual.xcconfig; sourceTree = "<group>"; };
		4CE143AD20EBF551000E01C9 /* Preserve Symbols.xcconfig */ = {isa = PBXFileReference; fileEncoding = 4; lastKnownFileType = text.xcconfig; path = "Preserve Symbols.xcconfig"; sourceTree = "<group>"; };
		4CE143AE20EBF551000E01C9 /* Textual Extensions.xcconfig */ = {isa = PBXFileReference; fileEncoding = 4; lastKnownFileType = text.xcconfig; path = "Textual Extensions.xcconfig"; sourceTree = "<group>"; };
		4CE143B020EBF551000E01C9 /* Foundation.xcconfig */ = {isa = PBXFileReference; fileEncoding = 4; lastKnownFileType = text.xcconfig; path = Foundation.xcconfig; sourceTree = "<group>"; };
		4CE143B320EBF551000E01C9 /* Foundation Debug.xcconfig */ = {isa = PBXFileReference; fileEncoding = 4; lastKnownFileType = text.xcconfig; path = "Foundation Debug.xcconfig"; sourceTree = "<group>"; };
		4CE143B820EBF551000E01C9 /* Textual.xcconfig */ = {isa = PBXFileReference; fileEncoding = 4; lastKnownFileType = text.xcconfig; path = Textual.xcconfig; sourceTree = "<group>"; };
		4CE143B920EBF551000E01C9 /* Textual Extensions.xcconfig */ = {isa = PBXFileReference; fileEncoding = 4; lastKnownFileType = text.xcconfig; path = "Textual Extensions.xcconfig"; sourceTree = "<group>"; };
		4CE143BD20EBF551000E01C9 /* Enabled Features.xcconfig */ = {isa = PBXFileReference; fileEncoding = 4; lastKnownFileType = text.xcconfig; path = "Enabled Features.xcconfig"; sourceTree = "<group>"; };
		4CE143C120EBF551000E01C9 /* Textual.xcconfig */ = {isa = PBXFileReference; fileEncoding = 4; lastKnownFileType = text.xcconfig; path = Textual.xcconfig; sourceTree = "<group>"; };
		4CE143C220EBF551000E01C9 /* Textual Extensions.xcconfig */ = {isa = PBXFileReference; fileEncoding = 4; lastKnownFileType = text.xcconfig; path = "Textual Extensions.xcconfig"; sourceTree = "<group>"; };
		4CE143C620EBF551000E01C9 /* Enabled Features.xcconfig */ = {isa = PBXFileReference; fileEncoding = 4; lastKnownFileType = text.xcconfig; path = "Enabled Features.xcconfig"; sourceTree = "<group>"; };
		4CE143C820EBF551000E01C9 /* Inherited.entitlements */ = {isa = PBXFileReference; fileEncoding = 4; lastKnownFileType = text.plist.entitlements; path = Inherited.entitlements; sourceTree = "<group>"; };
		8D576316048677EA00EA77CD /* SystemProfiler.bundle */ = {isa = PBXFileReference; explicitFileType = wrapper.cfbundle; includeInIndex = 0; path = SystemProfiler.bundle; sourceTree = BUILT_PRODUCTS_DIR; };
/* End PBXFileReference section */

/* Begin PBXFrameworksBuildPhase section */
		8D576313048677EA00EA77CD /* Frameworks */ = {
			isa = PBXFrameworksBuildPhase;
			buildActionMask = 2147483647;
			files = (
				4C06DE7A20EC45D10055D09A /* IOKit.framework in Frameworks */,
			);
			runOnlyForDeploymentPostprocessing = 0;
		};
/* End PBXFrameworksBuildPhase section */

/* Begin PBXGroup section */
		089C166AFE841209C02AAC07 /* BlowfishCommandLine */ = {
			isa = PBXGroup;
			children = (
				4C46A08D20EC6AD700094EA4 /* Classes */,
				089C167CFE841241C02AAC07 /* Resources */,
				089C1671FE841209C02AAC07 /* Frameworks */,
				19C28FB6FE9D52B211CA2CBB /* Products */,
			);
			name = BlowfishCommandLine;
			sourceTree = "<group>";
		};
		089C1671FE841209C02AAC07 /* Frameworks */ = {
			isa = PBXGroup;
			children = (
				4C06DE7920EC45D10055D09A /* IOKit.framework */,
			);
			name = Frameworks;
			sourceTree = "<group>";
		};
		089C167CFE841241C02AAC07 /* Resources */ = {
			isa = PBXGroup;
			children = (
				4C69188E16E3276200BDE3A8 /* Configurations */,
				4C46A08720EC6ABD00094EA4 /* Language Files */,
				4C46A08120EC6ABD00094EA4 /* Property Lists */,
				4C46A08420EC6ABD00094EA4 /* User Interface */,
			);
			path = Resources;
			sourceTree = "<group>";
		};
		19C28FB6FE9D52B211CA2CBB /* Products */ = {
			isa = PBXGroup;
			children = (
				8D576316048677EA00EA77CD /* SystemProfiler.bundle */,
			);
			name = Products;
			sourceTree = "<group>";
		};
		4C46A08120EC6ABD00094EA4 /* Property Lists */ = {
			isa = PBXGroup;
			children = (
				4C46A08220EC6ABD00094EA4 /* MacintoshModels.plist */,
				4C46A08320EC6ABD00094EA4 /* Info.plist */,
			);
			path = "Property Lists";
			sourceTree = "<group>";
		};
		4C46A08420EC6ABD00094EA4 /* User Interface */ = {
			isa = PBXGroup;
			children = (
				4C46A08520EC6ABD00094EA4 /* TPISystemProfiler.xib */,
			);
			path = "User Interface";
			sourceTree = "<group>";
		};
		4C46A08720EC6ABD00094EA4 /* Language Files */ = {
			isa = PBXGroup;
			children = (
				4C46A08820EC6ABD00094EA4 /* BasicLanguage.strings */,
			);
			path = "Language Files";
			sourceTree = "<group>";
		};
		4C46A08D20EC6AD700094EA4 /* Classes */ = {
			isa = PBXGroup;
			children = (
				4C46A09220EC6AD700094EA4 /* SystemProfiler.h */,
				4C46A09420EC6AD700094EA4 /* TPI_SP_SysInfo.h */,
				4C46A08F20EC6AD700094EA4 /* TPI_SP_SysInfo.m */,
				4C46A08E20EC6AD700094EA4 /* TPISystemProfiler.h */,
				4C46A09120EC6AD700094EA4 /* TPISystemProfiler.m */,
				4C46A09320EC6AD700094EA4 /* TPISystemProfilerModelIDRequestController.h */,
				4C46A09020EC6AD700094EA4 /* TPISystemProfilerModelIDRequestController.m */,
			);
			path = Classes;
			sourceTree = "<group>";
		};
		4C69188E16E3276200BDE3A8 /* Configurations */ = {
			isa = PBXGroup;
			children = (
				4CE1439520EBF551000E01C9 /* Build */,
				4CE143C720EBF551000E01C9 /* Sandbox */,
			);
			name = Configurations;
			path = ../../../Configurations;
			sourceTree = SOURCE_ROOT;
		};
		4CE1439520EBF551000E01C9 /* Build */ = {
			isa = PBXGroup;
			children = (
				4CE1439F20EBF551000E01C9 /* App Store Release */,
				4CE143A920EBF551000E01C9 /* Common */,
				4CE143BE20EBF551000E01C9 /* Debug */,
				4CE1439620EBF551000E01C9 /* Standard Release */,
				4CE143B520EBF551000E01C9 /* Standard Release Sandboxed */,
			);
			path = Build;
			sourceTree = "<group>";
		};
		4CE1439620EBF551000E01C9 /* Standard Release */ = {
			isa = PBXGroup;
			children = (
				4CE1439E20EBF551000E01C9 /* Enabled Features.xcconfig */,
				4CE1439A20EBF551000E01C9 /* Textual Extensions.xcconfig */,
				4CE1439920EBF551000E01C9 /* Textual.xcconfig */,
			);
			path = "Standard Release";
			sourceTree = "<group>";
		};
		4CE1439F20EBF551000E01C9 /* App Store Release */ = {
			isa = PBXGroup;
			children = (
				4CE143A720EBF551000E01C9 /* Enabled Features.xcconfig */,
				4CE143A320EBF551000E01C9 /* Textual Extensions.xcconfig */,
				4CE143A220EBF551000E01C9 /* Textual.xcconfig */,
			);
			path = "App Store Release";
			sourceTree = "<group>";
		};
		4CE143A920EBF551000E01C9 /* Common */ = {
			isa = PBXGroup;
			children = (
				4CE143B320EBF551000E01C9 /* Foundation Debug.xcconfig */,
				4CE143B020EBF551000E01C9 /* Foundation.xcconfig */,
				4CE143AD20EBF551000E01C9 /* Preserve Symbols.xcconfig */,
				4CE143AE20EBF551000E01C9 /* Textual Extensions.xcconfig */,
				4CE143AC20EBF551000E01C9 /* Textual.xcconfig */,
			);
			path = Common;
			sourceTree = "<group>";
		};
		4CE143B520EBF551000E01C9 /* Standard Release Sandboxed */ = {
			isa = PBXGroup;
			children = (
				4CE143BD20EBF551000E01C9 /* Enabled Features.xcconfig */,
				4CE143B920EBF551000E01C9 /* Textual Extensions.xcconfig */,
				4CE143B820EBF551000E01C9 /* Textual.xcconfig */,
			);
			path = "Standard Release Sandboxed";
			sourceTree = "<group>";
		};
		4CE143BE20EBF551000E01C9 /* Debug */ = {
			isa = PBXGroup;
			children = (
				4CE143C620EBF551000E01C9 /* Enabled Features.xcconfig */,
				4CE143C220EBF551000E01C9 /* Textual Extensions.xcconfig */,
				4CE143C120EBF551000E01C9 /* Textual.xcconfig */,
			);
			path = Debug;
			sourceTree = "<group>";
		};
		4CE143C720EBF551000E01C9 /* Sandbox */ = {
			isa = PBXGroup;
			children = (
				4CE143C820EBF551000E01C9 /* Inherited.entitlements */,
			);
			path = Sandbox;
			sourceTree = "<group>";
		};
/* End PBXGroup section */

/* Begin PBXNativeTarget section */
		8D57630D048677EA00EA77CD /* SystemProfiler */ = {
			isa = PBXNativeTarget;
			buildConfigurationList = 1DEB911A08733D790010E9CD /* Build configuration list for PBXNativeTarget "SystemProfiler" */;
			buildPhases = (
				4CD69D80131E2BB500F4618E /* Resources */,
				8D576313048677EA00EA77CD /* Frameworks */,
				8D576311048677EA00EA77CD /* Sources */,
			);
			buildRules = (
			);
			dependencies = (
			);
			name = SystemProfiler;
			productInstallPath = "$(HOME)/Library/Bundles";
			productName = BlowfishCommandLine;
			productReference = 8D576316048677EA00EA77CD /* SystemProfiler.bundle */;
			productType = "com.apple.product-type.bundle";
		};
/* End PBXNativeTarget section */

/* Begin PBXProject section */
		089C1669FE841209C02AAC07 /* Project object */ = {
			isa = PBXProject;
			attributes = {
				LastUpgradeCheck = 1000;
				TargetAttributes = {
					8D57630D048677EA00EA77CD = {
						DevelopmentTeam = 8482Q6EPL6;
						ProvisioningStyle = Manual;
					};
				};
			};
			buildConfigurationList = 1DEB911E08733D790010E9CD /* Build configuration list for PBXProject "System Profiler Extension" */;
			compatibilityVersion = "Xcode 3.2";
			developmentRegion = English;
			hasScannedForEncodings = 1;
			knownRegions = (
				English,
				Japanese,
				French,
				German,
				en,
			);
			mainGroup = 089C166AFE841209C02AAC07 /* BlowfishCommandLine */;
			projectDirPath = "";
			projectRoot = "";
			targets = (
				8D57630D048677EA00EA77CD /* SystemProfiler */,
			);
		};
/* End PBXProject section */

/* Begin PBXResourcesBuildPhase section */
		4CD69D80131E2BB500F4618E /* Resources */ = {
			isa = PBXResourcesBuildPhase;
			buildActionMask = 2147483647;
			files = (
				4C46A08920EC6ABD00094EA4 /* MacintoshModels.plist in Resources */,
				4C46A08B20EC6ABD00094EA4 /* TPISystemProfiler.xib in Resources */,
				4C46A08C20EC6ABD00094EA4 /* BasicLanguage.strings in Resources */,
			);
			runOnlyForDeploymentPostprocessing = 0;
		};
/* End PBXResourcesBuildPhase section */

/* Begin PBXSourcesBuildPhase section */
		8D576311048677EA00EA77CD /* Sources */ = {
			isa = PBXSourcesBuildPhase;
			buildActionMask = 2147483647;
			files = (
				4C46A09620EC6AD700094EA4 /* TPISystemProfilerModelIDRequestController.m in Sources */,
				4C46A09520EC6AD700094EA4 /* TPI_SP_SysInfo.m in Sources */,
				4C46A09720EC6AD700094EA4 /* TPISystemProfiler.m in Sources */,
			);
			runOnlyForDeploymentPostprocessing = 0;
		};
/* End PBXSourcesBuildPhase section */

/* Begin PBXVariantGroup section */
		4C46A08520EC6ABD00094EA4 /* TPISystemProfiler.xib */ = {
			isa = PBXVariantGroup;
			children = (
				4C46A08620EC6ABD00094EA4 /* English */,
			);
			name = TPISystemProfiler.xib;
			sourceTree = "<group>";
		};
/* End PBXVariantGroup section */

/* Begin XCBuildConfiguration section */
		1DEB911B08733D790010E9CD /* Debug */ = {
			isa = XCBuildConfiguration;
			buildSettings = {
				INFOPLIST_FILE = "Resources/Property Lists/Info.plist";
				PRODUCT_BUNDLE_IDENTIFIER = "com.codeux.app-extensions.textual-SystemProfiler";
				PRODUCT_NAME = SystemProfiler;
			};
			name = Debug;
		};
		1DEB911C08733D790010E9CD /* Release */ = {
			isa = XCBuildConfiguration;
			buildSettings = {
				INFOPLIST_FILE = "Resources/Property Lists/Info.plist";
				PRODUCT_BUNDLE_IDENTIFIER = "com.codeux.app-extensions.textual-SystemProfiler";
				PRODUCT_NAME = SystemProfiler;
			};
			name = Release;
		};
		1DEB911F08733D790010E9CD /* Debug */ = {
			isa = XCBuildConfiguration;
			baseConfigurationReference = 4CE143C220EBF551000E01C9 /* Textual Extensions.xcconfig */;
			buildSettings = {
			};
			name = Debug;
		};
		1DEB912008733D790010E9CD /* Release */ = {
			isa = XCBuildConfiguration;
			baseConfigurationReference = 4CE1439A20EBF551000E01C9 /* Textual Extensions.xcconfig */;
			buildSettings = {
			};
			name = Release;
		};
		4C95801E1FA41F6D00F18BC8 /* Release (App Store) */ = {
			isa = XCBuildConfiguration;
			baseConfigurationReference = 4CE143A320EBF551000E01C9 /* Textual Extensions.xcconfig */;
			buildSettings = {
			};
			name = "Release (App Store)";
		};
		4C95801F1FA41F6D00F18BC8 /* Release (App Store) */ = {
			isa = XCBuildConfiguration;
			buildSettings = {
				INFOPLIST_FILE = "Resources/Property Lists/Info.plist";
				PRODUCT_BUNDLE_IDENTIFIER = "com.codeux.app-extensions.textual-SystemProfiler";
				PRODUCT_NAME = SystemProfiler;
			};
			name = "Release (App Store)";
		};
/* End XCBuildConfiguration section */

/* Begin XCConfigurationList section */
		1DEB911A08733D790010E9CD /* Build configuration list for PBXNativeTarget "SystemProfiler" */ = {
			isa = XCConfigurationList;
			buildConfigurations = (
				1DEB911B08733D790010E9CD /* Debug */,
				1DEB911C08733D790010E9CD /* Release */,
				4C95801F1FA41F6D00F18BC8 /* Release (App Store) */,
			);
			defaultConfigurationIsVisible = 0;
			defaultConfigurationName = Release;
		};
		1DEB911E08733D790010E9CD /* Build configuration list for PBXProject "System Profiler Extension" */ = {
			isa = XCConfigurationList;
			buildConfigurations = (
				1DEB911F08733D790010E9CD /* Debug */,
				1DEB912008733D790010E9CD /* Release */,
				4C95801E1FA41F6D00F18BC8 /* Release (App Store) */,
			);
			defaultConfigurationIsVisible = 0;
			defaultConfigurationName = Release;
		};
/* End XCConfigurationList section */
	};
	rootObject = 089C1669FE841209C02AAC07 /* Project object */;
}
