<?xml version="1.0" encoding="UTF-8"?>
<Scheme>
   <BuildAction
      buildConfiguration = "Debug">
   </BuildAction>
   <TestAction>
   </TestAction>
   <LaunchAction
      selectedDebuggerIdentifier = "Xcode.DebuggerFoundation.Debugger.LLDB"
      selectedLauncherIdentifier = "Xcode.DebuggerFoundation.Launcher.LLDB">
      <BuildableProductRunnable>
         <BuildableProductReference
            BuildableProductIdentifier = "Textual.app">
         </BuildableProductReference>
/>
      </BuildableProductRunnable>
      <AdditionalOptions>
      </AdditionalOptions>
   </LaunchAction>
</Scheme>
